// !$*UTF8*$!
{
	archiveVersion = 1;
	classes = {
	};
	objectVersion = 46;
	objects = {

/* Begin PBXBuildFile section */
		3FD6A0FFD275BE873FD16179 /* Pods_infra.framework in Frameworks */ = {isa = PBXBuildFile; fileRef = D8F6A7F02847BD844F7FC5AF /* Pods_infra.framework */; };
		DA0C453C1D4C017C003AF335 /* MConfiguration.swift in Sources */ = {isa = PBXBuildFile; fileRef = DA0C453B1D4C017C003AF335 /* MConfiguration.swift */; };
		DA0EA2021D4BD01100D300B2 /* brand.xcassets in Resources */ = {isa = PBXBuildFile; fileRef = DA0EA1691D4BD01000D300B2 /* brand.xcassets */; };
		DA0EA2031D4BD01100D300B2 /* ui.xcassets in Resources */ = {isa = PBXBuildFile; fileRef = DA0EA16A1D4BD01000D300B2 /* ui.xcassets */; };
		DA0EA2041D4BD01100D300B2 /* CategoryNSDate.swift in Sources */ = {isa = PBXBuildFile; fileRef = DA0EA16C1D4BD01000D300B2 /* CategoryNSDate.swift */; };
		DA0EA2051D4BD01100D300B2 /* CategoryNSFileManager.swift in Sources */ = {isa = PBXBuildFile; fileRef = DA0EA16D1D4BD01000D300B2 /* CategoryNSFileManager.swift */; };
		DA0EA2061D4BD01100D300B2 /* CategoryNSManagerdObject.swift in Sources */ = {isa = PBXBuildFile; fileRef = DA0EA16E1D4BD01000D300B2 /* CategoryNSManagerdObject.swift */; };
		DA0EA2071D4BD01100D300B2 /* CategoryNSNotification.swift in Sources */ = {isa = PBXBuildFile; fileRef = DA0EA16F1D4BD01000D300B2 /* CategoryNSNotification.swift */; };
		DA0EA2081D4BD01100D300B2 /* CategoryUICollectionReusableView.swift in Sources */ = {isa = PBXBuildFile; fileRef = DA0EA1701D4BD01000D300B2 /* CategoryUICollectionReusableView.swift */; };
		DA0EA2091D4BD01100D300B2 /* CategoryUIColor.swift in Sources */ = {isa = PBXBuildFile; fileRef = DA0EA1711D4BD01000D300B2 /* CategoryUIColor.swift */; };
		DA0EA20A1D4BD01100D300B2 /* CategoryUIFont.swift in Sources */ = {isa = PBXBuildFile; fileRef = DA0EA1721D4BD01000D300B2 /* CategoryUIFont.swift */; };
		DA0EA20B1D4BD01100D300B2 /* CategoryUILocalNotification.swift in Sources */ = {isa = PBXBuildFile; fileRef = DA0EA1731D4BD01000D300B2 /* CategoryUILocalNotification.swift */; };
		DA0EA20C1D4BD01100D300B2 /* CategoryUIViewController.swift in Sources */ = {isa = PBXBuildFile; fileRef = DA0EA1741D4BD01000D300B2 /* CategoryUIViewController.swift */; };
		DA0EA21B1D4BD01100D300B2 /* DManager.swift in Sources */ = {isa = PBXBuildFile; fileRef = DA0EA18D1D4BD01100D300B2 /* DManager.swift */; };
		DA0EA21C1D4BD01100D300B2 /* DManagerModel.swift in Sources */ = {isa = PBXBuildFile; fileRef = DA0EA18E1D4BD01100D300B2 /* DManagerModel.swift */; };
		DA0EA21D1D4BD01100D300B2 /* DManagerModelInfra.swift in Sources */ = {isa = PBXBuildFile; fileRef = DA0EA18F1D4BD01100D300B2 /* DManagerModelInfra.swift */; };
		DA0EA21E1D4BD01100D300B2 /* DManagerSaver.swift in Sources */ = {isa = PBXBuildFile; fileRef = DA0EA1901D4BD01100D300B2 /* DManagerSaver.swift */; };
		DA0EA21F1D4BD01100D300B2 /* DInfraModel.xcdatamodeld in Sources */ = {isa = PBXBuildFile; fileRef = DA0EA1921D4BD01100D300B2 /* DInfraModel.xcdatamodeld */; };
		DA0EA24B1D4BD01100D300B2 /* LaunchScreen.storyboard in Resources */ = {isa = PBXBuildFile; fileRef = DA0EA1CD1D4BD01100D300B2 /* LaunchScreen.storyboard */; };
		DA0EA24C1D4BD01100D300B2 /* Localizable.strings in Resources */ = {isa = PBXBuildFile; fileRef = DA0EA1CF1D4BD01100D300B2 /* Localizable.strings */; };
		DA0EA2841D4BD81100D300B2 /* CLanding.swift in Sources */ = {isa = PBXBuildFile; fileRef = DA0EA2761D4BD81100D300B2 /* CLanding.swift */; };
		DA0EA2851D4BD81100D300B2 /* CMain.swift in Sources */ = {isa = PBXBuildFile; fileRef = DA0EA2781D4BD81100D300B2 /* CMain.swift */; };
		DA0EA2861D4BD81100D300B2 /* CMainController.swift in Sources */ = {isa = PBXBuildFile; fileRef = DA0EA2791D4BD81100D300B2 /* CMainController.swift */; };
		DA0EA2871D4BD81100D300B2 /* CMainParent.swift in Sources */ = {isa = PBXBuildFile; fileRef = DA0EA27A1D4BD81100D300B2 /* CMainParent.swift */; };
		DA0EA2881D4BD81100D300B2 /* VLanding.swift in Sources */ = {isa = PBXBuildFile; fileRef = DA0EA27E1D4BD81100D300B2 /* VLanding.swift */; };
		DA0EA2891D4BD81100D300B2 /* VMainBar.swift in Sources */ = {isa = PBXBuildFile; fileRef = DA0EA2801D4BD81100D300B2 /* VMainBar.swift */; };
		DA0EA28A1D4BD81100D300B2 /* VMainBarButton.swift in Sources */ = {isa = PBXBuildFile; fileRef = DA0EA2811D4BD81100D300B2 /* VMainBarButton.swift */; };
		DA0EA28B1D4BD81100D300B2 /* VMainBarButtonSummary.swift in Sources */ = {isa = PBXBuildFile; fileRef = DA0EA2821D4BD81100D300B2 /* VMainBarButtonSummary.swift */; };
		DA0EA28C1D4BD81100D300B2 /* VMainLoader.swift in Sources */ = {isa = PBXBuildFile; fileRef = DA0EA2831D4BD81100D300B2 /* VMainLoader.swift */; };
		DA8421371D4D90A2003CDEA2 /* VHome.swift in Sources */ = {isa = PBXBuildFile; fileRef = DA8421361D4D90A2003CDEA2 /* VHome.swift */; };
		DA8421391D4F8A30003CDEA2 /* CFirebaseDatabase.swift in Sources */ = {isa = PBXBuildFile; fileRef = DA8421381D4F8A30003CDEA2 /* CFirebaseDatabase.swift */; };
		DAC549D51D4BF25D00740899 /* infraTests.swift in Sources */ = {isa = PBXBuildFile; fileRef = DA0EA1D31D4BD01100D300B2 /* infraTests.swift */; };
		DAD3521A1D4C551E00401230 /* CFirebaseStorageNews.swift in Sources */ = {isa = PBXBuildFile; fileRef = DAD352191D4C551E00401230 /* CFirebaseStorageNews.swift */; };
		DAD3521C1D4C557800401230 /* CFirebaseStorageNewsDelegate.swift in Sources */ = {isa = PBXBuildFile; fileRef = DAD3521B1D4C557800401230 /* CFirebaseStorageNewsDelegate.swift */; };
		DAD3521F1D4C657600401230 /* CHome.swift in Sources */ = {isa = PBXBuildFile; fileRef = DAD3521E1D4C657600401230 /* CHome.swift */; };
		DADCC0F31D4C0EFB0027B7BE /* CFirebase.swift in Sources */ = {isa = PBXBuildFile; fileRef = DADCC0F21D4C0EFB0027B7BE /* CFirebase.swift */; };
		DADCC0F51D4C0FF20027B7BE /* GoogleService-Info.plist in Resources */ = {isa = PBXBuildFile; fileRef = DADCC0F41D4C0FF20027B7BE /* GoogleService-Info.plist */; };
		DADCC0F71D4C1C110027B7BE /* CFirebaseStorage.swift in Sources */ = {isa = PBXBuildFile; fileRef = DADCC0F61D4C1C110027B7BE /* CFirebaseStorage.swift */; };
		DADCC0F91D4C1DD40027B7BE /* CFirebaseAnalytics.swift in Sources */ = {isa = PBXBuildFile; fileRef = DADCC0F81D4C1DD40027B7BE /* CFirebaseAnalytics.swift */; };
		DAF5D44F1D4F9CDE00282A3B /* Post.swift in Sources */ = {isa = PBXBuildFile; fileRef = DAF5D44B1D4F9CDE00282A3B /* Post.swift */; };
		DAF5D4501D4F9CDE00282A3B /* Post+CoreDataProperties.swift in Sources */ = {isa = PBXBuildFile; fileRef = DAF5D44C1D4F9CDE00282A3B /* Post+CoreDataProperties.swift */; };
		DAF5D4511D4F9CDE00282A3B /* User.swift in Sources */ = {isa = PBXBuildFile; fileRef = DAF5D44D1D4F9CDE00282A3B /* User.swift */; };
		DAF5D4521D4F9CDE00282A3B /* User+CoreDataProperties.swift in Sources */ = {isa = PBXBuildFile; fileRef = DAF5D44E1D4F9CDE00282A3B /* User+CoreDataProperties.swift */; };
/* End PBXBuildFile section */

/* Begin PBXContainerItemProxy section */
		DA0EA15A1D4BBE1600D300B2 /* PBXContainerItemProxy */ = {
			isa = PBXContainerItemProxy;
			containerPortal = DA0EA13A1D4BBE1600D300B2 /* Project object */;
			proxyType = 1;
			remoteGlobalIDString = DA0EA1411D4BBE1600D300B2;
			remoteInfo = infra;
		};
/* End PBXContainerItemProxy section */

/* Begin PBXFileReference section */
		62166C2939D3FF8FFD975C0C /* Pods-infra.debug.xcconfig */ = {isa = PBXFileReference; includeInIndex = 1; lastKnownFileType = text.xcconfig; name = "Pods-infra.debug.xcconfig"; path = "Pods/Target Support Files/Pods-infra/Pods-infra.debug.xcconfig"; sourceTree = "<group>"; };
		670AE32D30D68DAE74EFD8D0 /* Pods-infra.release.xcconfig */ = {isa = PBXFileReference; includeInIndex = 1; lastKnownFileType = text.xcconfig; name = "Pods-infra.release.xcconfig"; path = "Pods/Target Support Files/Pods-infra/Pods-infra.release.xcconfig"; sourceTree = "<group>"; };
		D8F6A7F02847BD844F7FC5AF /* Pods_infra.framework */ = {isa = PBXFileReference; explicitFileType = wrapper.framework; includeInIndex = 0; path = Pods_infra.framework; sourceTree = BUILT_PRODUCTS_DIR; };
		DA0C453B1D4C017C003AF335 /* MConfiguration.swift */ = {isa = PBXFileReference; fileEncoding = 4; lastKnownFileType = sourcecode.swift; path = MConfiguration.swift; sourceTree = "<group>"; };
		DA0EA1421D4BBE1600D300B2 /* infra.app */ = {isa = PBXFileReference; explicitFileType = wrapper.application; includeInIndex = 0; path = infra.app; sourceTree = BUILT_PRODUCTS_DIR; };
		DA0EA1591D4BBE1600D300B2 /* tests.xctest */ = {isa = PBXFileReference; explicitFileType = wrapper.cfbundle; includeInIndex = 0; path = tests.xctest; sourceTree = BUILT_PRODUCTS_DIR; };
		DA0EA1691D4BD01000D300B2 /* brand.xcassets */ = {isa = PBXFileReference; lastKnownFileType = folder.assetcatalog; path = brand.xcassets; sourceTree = "<group>"; };
		DA0EA16A1D4BD01000D300B2 /* ui.xcassets */ = {isa = PBXFileReference; lastKnownFileType = folder.assetcatalog; path = ui.xcassets; sourceTree = "<group>"; };
		DA0EA16C1D4BD01000D300B2 /* CategoryNSDate.swift */ = {isa = PBXFileReference; fileEncoding = 4; lastKnownFileType = sourcecode.swift; path = CategoryNSDate.swift; sourceTree = "<group>"; };
		DA0EA16D1D4BD01000D300B2 /* CategoryNSFileManager.swift */ = {isa = PBXFileReference; fileEncoding = 4; lastKnownFileType = sourcecode.swift; path = CategoryNSFileManager.swift; sourceTree = "<group>"; };
		DA0EA16E1D4BD01000D300B2 /* CategoryNSManagerdObject.swift */ = {isa = PBXFileReference; fileEncoding = 4; lastKnownFileType = sourcecode.swift; path = CategoryNSManagerdObject.swift; sourceTree = "<group>"; };
		DA0EA16F1D4BD01000D300B2 /* CategoryNSNotification.swift */ = {isa = PBXFileReference; fileEncoding = 4; lastKnownFileType = sourcecode.swift; path = CategoryNSNotification.swift; sourceTree = "<group>"; };
		DA0EA1701D4BD01000D300B2 /* CategoryUICollectionReusableView.swift */ = {isa = PBXFileReference; fileEncoding = 4; lastKnownFileType = sourcecode.swift; path = CategoryUICollectionReusableView.swift; sourceTree = "<group>"; };
		DA0EA1711D4BD01000D300B2 /* CategoryUIColor.swift */ = {isa = PBXFileReference; fileEncoding = 4; lastKnownFileType = sourcecode.swift; path = CategoryUIColor.swift; sourceTree = "<group>"; };
		DA0EA1721D4BD01000D300B2 /* CategoryUIFont.swift */ = {isa = PBXFileReference; fileEncoding = 4; lastKnownFileType = sourcecode.swift; path = CategoryUIFont.swift; sourceTree = "<group>"; };
		DA0EA1731D4BD01000D300B2 /* CategoryUILocalNotification.swift */ = {isa = PBXFileReference; fileEncoding = 4; lastKnownFileType = sourcecode.swift; path = CategoryUILocalNotification.swift; sourceTree = "<group>"; };
		DA0EA1741D4BD01000D300B2 /* CategoryUIViewController.swift */ = {isa = PBXFileReference; fileEncoding = 4; lastKnownFileType = sourcecode.swift; path = CategoryUIViewController.swift; sourceTree = "<group>"; };
		DA0EA18D1D4BD01100D300B2 /* DManager.swift */ = {isa = PBXFileReference; fileEncoding = 4; lastKnownFileType = sourcecode.swift; path = DManager.swift; sourceTree = "<group>"; };
		DA0EA18E1D4BD01100D300B2 /* DManagerModel.swift */ = {isa = PBXFileReference; fileEncoding = 4; lastKnownFileType = sourcecode.swift; path = DManagerModel.swift; sourceTree = "<group>"; };
		DA0EA18F1D4BD01100D300B2 /* DManagerModelInfra.swift */ = {isa = PBXFileReference; fileEncoding = 4; lastKnownFileType = sourcecode.swift; path = DManagerModelInfra.swift; sourceTree = "<group>"; };
		DA0EA1901D4BD01100D300B2 /* DManagerSaver.swift */ = {isa = PBXFileReference; fileEncoding = 4; lastKnownFileType = sourcecode.swift; path = DManagerSaver.swift; sourceTree = "<group>"; };
		DA0EA1931D4BD01100D300B2 /* infra.xcdatamodel */ = {isa = PBXFileReference; lastKnownFileType = wrapper.xcdatamodel; path = infra.xcdatamodel; sourceTree = "<group>"; };
		DA0EA1981D4BD01100D300B2 /* Info.plist */ = {isa = PBXFileReference; fileEncoding = 4; lastKnownFileType = text.plist.xml; path = Info.plist; sourceTree = "<group>"; };
		DA0EA1CE1D4BD01100D300B2 /* en */ = {isa = PBXFileReference; lastKnownFileType = file.storyboard; name = en; path = en.lproj/LaunchScreen.storyboard; sourceTree = "<group>"; };
		DA0EA1D01D4BD01100D300B2 /* en */ = {isa = PBXFileReference; lastKnownFileType = text.plist.strings; name = en; path = en.lproj/Localizable.strings; sourceTree = "<group>"; };
		DA0EA1D21D4BD01100D300B2 /* Info.plist */ = {isa = PBXFileReference; fileEncoding = 4; lastKnownFileType = text.plist.xml; path = Info.plist; sourceTree = "<group>"; };
		DA0EA1D31D4BD01100D300B2 /* infraTests.swift */ = {isa = PBXFileReference; fileEncoding = 4; lastKnownFileType = sourcecode.swift; path = infraTests.swift; sourceTree = "<group>"; };
		DA0EA2761D4BD81100D300B2 /* CLanding.swift */ = {isa = PBXFileReference; fileEncoding = 4; lastKnownFileType = sourcecode.swift; path = CLanding.swift; sourceTree = "<group>"; };
		DA0EA2781D4BD81100D300B2 /* CMain.swift */ = {isa = PBXFileReference; fileEncoding = 4; lastKnownFileType = sourcecode.swift; path = CMain.swift; sourceTree = "<group>"; };
		DA0EA2791D4BD81100D300B2 /* CMainController.swift */ = {isa = PBXFileReference; fileEncoding = 4; lastKnownFileType = sourcecode.swift; path = CMainController.swift; sourceTree = "<group>"; };
		DA0EA27A1D4BD81100D300B2 /* CMainParent.swift */ = {isa = PBXFileReference; fileEncoding = 4; lastKnownFileType = sourcecode.swift; path = CMainParent.swift; sourceTree = "<group>"; };
		DA0EA27E1D4BD81100D300B2 /* VLanding.swift */ = {isa = PBXFileReference; fileEncoding = 4; lastKnownFileType = sourcecode.swift; path = VLanding.swift; sourceTree = "<group>"; };
		DA0EA2801D4BD81100D300B2 /* VMainBar.swift */ = {isa = PBXFileReference; fileEncoding = 4; lastKnownFileType = sourcecode.swift; path = VMainBar.swift; sourceTree = "<group>"; };
		DA0EA2811D4BD81100D300B2 /* VMainBarButton.swift */ = {isa = PBXFileReference; fileEncoding = 4; lastKnownFileType = sourcecode.swift; path = VMainBarButton.swift; sourceTree = "<group>"; };
		DA0EA2821D4BD81100D300B2 /* VMainBarButtonSummary.swift */ = {isa = PBXFileReference; fileEncoding = 4; lastKnownFileType = sourcecode.swift; path = VMainBarButtonSummary.swift; sourceTree = "<group>"; };
		DA0EA2831D4BD81100D300B2 /* VMainLoader.swift */ = {isa = PBXFileReference; fileEncoding = 4; lastKnownFileType = sourcecode.swift; path = VMainLoader.swift; sourceTree = "<group>"; };
		DA8421361D4D90A2003CDEA2 /* VHome.swift */ = {isa = PBXFileReference; fileEncoding = 4; lastKnownFileType = sourcecode.swift; path = VHome.swift; sourceTree = "<group>"; };
		DA8421381D4F8A30003CDEA2 /* CFirebaseDatabase.swift */ = {isa = PBXFileReference; fileEncoding = 4; lastKnownFileType = sourcecode.swift; path = CFirebaseDatabase.swift; sourceTree = "<group>"; };
		DAD352181D4C547D00401230 /* newsMap.plist */ = {isa = PBXFileReference; lastKnownFileType = text.plist.xml; path = newsMap.plist; sourceTree = "<group>"; };
		DAD352191D4C551E00401230 /* CFirebaseStorageNews.swift */ = {isa = PBXFileReference; fileEncoding = 4; lastKnownFileType = sourcecode.swift; path = CFirebaseStorageNews.swift; sourceTree = "<group>"; };
		DAD3521B1D4C557800401230 /* CFirebaseStorageNewsDelegate.swift */ = {isa = PBXFileReference; fileEncoding = 4; lastKnownFileType = sourcecode.swift; path = CFirebaseStorageNewsDelegate.swift; sourceTree = "<group>"; };
		DAD3521E1D4C657600401230 /* CHome.swift */ = {isa = PBXFileReference; fileEncoding = 4; lastKnownFileType = sourcecode.swift; path = CHome.swift; sourceTree = "<group>"; };
		DADCC0F21D4C0EFB0027B7BE /* CFirebase.swift */ = {isa = PBXFileReference; fileEncoding = 4; lastKnownFileType = sourcecode.swift; path = CFirebase.swift; sourceTree = "<group>"; };
		DADCC0F41D4C0FF20027B7BE /* GoogleService-Info.plist */ = {isa = PBXFileReference; fileEncoding = 4; lastKnownFileType = text.plist.xml; path = "GoogleService-Info.plist"; sourceTree = "<group>"; };
		DADCC0F61D4C1C110027B7BE /* CFirebaseStorage.swift */ = {isa = PBXFileReference; fileEncoding = 4; lastKnownFileType = sourcecode.swift; path = CFirebaseStorage.swift; sourceTree = "<group>"; };
		DADCC0F81D4C1DD40027B7BE /* CFirebaseAnalytics.swift */ = {isa = PBXFileReference; fileEncoding = 4; lastKnownFileType = sourcecode.swift; path = CFirebaseAnalytics.swift; sourceTree = "<group>"; };
		DAF5D44B1D4F9CDE00282A3B /* Post.swift */ = {isa = PBXFileReference; fileEncoding = 4; lastKnownFileType = sourcecode.swift; path = Post.swift; sourceTree = "<group>"; };
		DAF5D44C1D4F9CDE00282A3B /* Post+CoreDataProperties.swift */ = {isa = PBXFileReference; fileEncoding = 4; lastKnownFileType = sourcecode.swift; path = "Post+CoreDataProperties.swift"; sourceTree = "<group>"; };
		DAF5D44D1D4F9CDE00282A3B /* User.swift */ = {isa = PBXFileReference; fileEncoding = 4; lastKnownFileType = sourcecode.swift; path = User.swift; sourceTree = "<group>"; };
		DAF5D44E1D4F9CDE00282A3B /* User+CoreDataProperties.swift */ = {isa = PBXFileReference; fileEncoding = 4; lastKnownFileType = sourcecode.swift; path = "User+CoreDataProperties.swift"; sourceTree = "<group>"; };
/* End PBXFileReference section */

/* Begin PBXFrameworksBuildPhase section */
		DA0EA13F1D4BBE1600D300B2 /* Frameworks */ = {
			isa = PBXFrameworksBuildPhase;
			buildActionMask = 2147483647;
			files = (
				3FD6A0FFD275BE873FD16179 /* Pods_infra.framework in Frameworks */,
			);
			runOnlyForDeploymentPostprocessing = 0;
		};
		DA0EA1561D4BBE1600D300B2 /* Frameworks */ = {
			isa = PBXFrameworksBuildPhase;
			buildActionMask = 2147483647;
			files = (
			);
			runOnlyForDeploymentPostprocessing = 0;
		};
/* End PBXFrameworksBuildPhase section */

/* Begin PBXGroup section */
		30670350BB01803A038A571C /* Frameworks */ = {
			isa = PBXGroup;
			children = (
				D8F6A7F02847BD844F7FC5AF /* Pods_infra.framework */,
			);
			name = Frameworks;
			sourceTree = "<group>";
		};
		C43525C34105D11EB261255C /* Pods */ = {
			isa = PBXGroup;
			children = (
				62166C2939D3FF8FFD975C0C /* Pods-infra.debug.xcconfig */,
				670AE32D30D68DAE74EFD8D0 /* Pods-infra.release.xcconfig */,
			);
			name = Pods;
			sourceTree = "<group>";
		};
		DA0C453A1D4C016E003AF335 /* Configuration */ = {
			isa = PBXGroup;
			children = (
				DA0C453B1D4C017C003AF335 /* MConfiguration.swift */,
			);
			path = Configuration;
			sourceTree = "<group>";
		};
		DA0EA1391D4BBE1600D300B2 = {
			isa = PBXGroup;
			children = (
				DA0EA1441D4BBE1600D300B2 /* infra */,
				DA0EA1431D4BBE1600D300B2 /* Products */,
				C43525C34105D11EB261255C /* Pods */,
				30670350BB01803A038A571C /* Frameworks */,
			);
			sourceTree = "<group>";
		};
		DA0EA1431D4BBE1600D300B2 /* Products */ = {
			isa = PBXGroup;
			children = (
				DA0EA1421D4BBE1600D300B2 /* infra.app */,
				DA0EA1591D4BBE1600D300B2 /* tests.xctest */,
			);
			name = Products;
			sourceTree = "<group>";
		};
		DA0EA1441D4BBE1600D300B2 /* infra */ = {
			isa = PBXGroup;
			children = (
				DADCC0F41D4C0FF20027B7BE /* GoogleService-Info.plist */,
				DA0EA2741D4BD81100D300B2 /* Controller */,
				DA0EA27B1D4BD81100D300B2 /* Model */,
				DA0EA27C1D4BD81100D300B2 /* View */,
				DA0EA1681D4BD01000D300B2 /* Asset */,
				DA0EA16B1D4BD01000D300B2 /* Category */,
				DA0EA18B1D4BD01100D300B2 /* Data */,
				DA0EA1981D4BD01100D300B2 /* Info.plist */,
				DA0EA1CC1D4BD01100D300B2 /* Resource */,
				DA0EA1D11D4BD01100D300B2 /* Test */,
			);
			path = infra;
			sourceTree = "<group>";
		};
		DA0EA1681D4BD01000D300B2 /* Asset */ = {
			isa = PBXGroup;
			children = (
				DA0EA1691D4BD01000D300B2 /* brand.xcassets */,
				DA0EA16A1D4BD01000D300B2 /* ui.xcassets */,
			);
			path = Asset;
			sourceTree = "<group>";
		};
		DA0EA16B1D4BD01000D300B2 /* Category */ = {
			isa = PBXGroup;
			children = (
				DA0EA16C1D4BD01000D300B2 /* CategoryNSDate.swift */,
				DA0EA16D1D4BD01000D300B2 /* CategoryNSFileManager.swift */,
				DA0EA16E1D4BD01000D300B2 /* CategoryNSManagerdObject.swift */,
				DA0EA16F1D4BD01000D300B2 /* CategoryNSNotification.swift */,
				DA0EA1701D4BD01000D300B2 /* CategoryUICollectionReusableView.swift */,
				DA0EA1711D4BD01000D300B2 /* CategoryUIColor.swift */,
				DA0EA1721D4BD01000D300B2 /* CategoryUIFont.swift */,
				DA0EA1731D4BD01000D300B2 /* CategoryUILocalNotification.swift */,
				DA0EA1741D4BD01000D300B2 /* CategoryUIViewController.swift */,
			);
			path = Category;
			sourceTree = "<group>";
		};
		DA0EA18B1D4BD01100D300B2 /* Data */ = {
			isa = PBXGroup;
			children = (
				DA0EA18C1D4BD01100D300B2 /* Manager */,
				DA0EA1911D4BD01100D300B2 /* Model */,
				DA0EA1941D4BD01100D300B2 /* Object */,
			);
			path = Data;
			sourceTree = "<group>";
		};
		DA0EA18C1D4BD01100D300B2 /* Manager */ = {
			isa = PBXGroup;
			children = (
				DA0EA18D1D4BD01100D300B2 /* DManager.swift */,
				DA0EA18E1D4BD01100D300B2 /* DManagerModel.swift */,
				DA0EA18F1D4BD01100D300B2 /* DManagerModelInfra.swift */,
				DA0EA1901D4BD01100D300B2 /* DManagerSaver.swift */,
			);
			path = Manager;
			sourceTree = "<group>";
		};
		DA0EA1911D4BD01100D300B2 /* Model */ = {
			isa = PBXGroup;
			children = (
				DA0EA1921D4BD01100D300B2 /* DInfraModel.xcdatamodeld */,
			);
			path = Model;
			sourceTree = "<group>";
		};
		DA0EA1941D4BD01100D300B2 /* Object */ = {
			isa = PBXGroup;
			children = (
				DA0EA1951D4BD01100D300B2 /* Infra */,
			);
			path = Object;
			sourceTree = "<group>";
		};
		DA0EA1951D4BD01100D300B2 /* Infra */ = {
			isa = PBXGroup;
			children = (
				DAF5D44B1D4F9CDE00282A3B /* Post.swift */,
				DAF5D44C1D4F9CDE00282A3B /* Post+CoreDataProperties.swift */,
				DAF5D44D1D4F9CDE00282A3B /* User.swift */,
				DAF5D44E1D4F9CDE00282A3B /* User+CoreDataProperties.swift */,
			);
			path = Infra;
			sourceTree = "<group>";
		};
		DA0EA1CC1D4BD01100D300B2 /* Resource */ = {
			isa = PBXGroup;
			children = (
				DA0EA1CD1D4BD01100D300B2 /* LaunchScreen.storyboard */,
				DA0EA1CF1D4BD01100D300B2 /* Localizable.strings */,
				DAD352181D4C547D00401230 /* newsMap.plist */,
			);
			path = Resource;
			sourceTree = "<group>";
		};
		DA0EA1D11D4BD01100D300B2 /* Test */ = {
			isa = PBXGroup;
			children = (
				DA0EA1D21D4BD01100D300B2 /* Info.plist */,
				DA0EA1D31D4BD01100D300B2 /* infraTests.swift */,
			);
			path = Test;
			sourceTree = "<group>";
		};
		DA0EA2741D4BD81100D300B2 /* Controller */ = {
			isa = PBXGroup;
			children = (
				DAD3521D1D4C656E00401230 /* Home */,
				DADCC0F11D4C0EF10027B7BE /* Firebase */,
				DA0EA2751D4BD81100D300B2 /* Landing */,
				DA0EA2771D4BD81100D300B2 /* Main */,
			);
			path = Controller;
			sourceTree = "<group>";
		};
		DA0EA2751D4BD81100D300B2 /* Landing */ = {
			isa = PBXGroup;
			children = (
				DA0EA2761D4BD81100D300B2 /* CLanding.swift */,
			);
			path = Landing;
			sourceTree = "<group>";
		};
		DA0EA2771D4BD81100D300B2 /* Main */ = {
			isa = PBXGroup;
			children = (
				DA0EA2781D4BD81100D300B2 /* CMain.swift */,
				DA0EA2791D4BD81100D300B2 /* CMainController.swift */,
				DA0EA27A1D4BD81100D300B2 /* CMainParent.swift */,
			);
			path = Main;
			sourceTree = "<group>";
		};
		DA0EA27B1D4BD81100D300B2 /* Model */ = {
			isa = PBXGroup;
			children = (
				DA0C453A1D4C016E003AF335 /* Configuration */,
			);
			path = Model;
			sourceTree = "<group>";
		};
		DA0EA27C1D4BD81100D300B2 /* View */ = {
			isa = PBXGroup;
			children = (
				DA8421351D4D9098003CDEA2 /* Home */,
				DA0EA27D1D4BD81100D300B2 /* Landing */,
				DA0EA27F1D4BD81100D300B2 /* Main */,
			);
			path = View;
			sourceTree = "<group>";
		};
		DA0EA27D1D4BD81100D300B2 /* Landing */ = {
			isa = PBXGroup;
			children = (
				DA0EA27E1D4BD81100D300B2 /* VLanding.swift */,
			);
			path = Landing;
			sourceTree = "<group>";
		};
		DA0EA27F1D4BD81100D300B2 /* Main */ = {
			isa = PBXGroup;
			children = (
				DA0EA2801D4BD81100D300B2 /* VMainBar.swift */,
				DA0EA2811D4BD81100D300B2 /* VMainBarButton.swift */,
				DA0EA2821D4BD81100D300B2 /* VMainBarButtonSummary.swift */,
				DA0EA2831D4BD81100D300B2 /* VMainLoader.swift */,
			);
			path = Main;
			sourceTree = "<group>";
		};
		DA8421351D4D9098003CDEA2 /* Home */ = {
			isa = PBXGroup;
			children = (
				DA8421361D4D90A2003CDEA2 /* VHome.swift */,
			);
			path = Home;
			sourceTree = "<group>";
		};
		DAD3521D1D4C656E00401230 /* Home */ = {
			isa = PBXGroup;
			children = (
				DAD3521E1D4C657600401230 /* CHome.swift */,
			);
			path = Home;
			sourceTree = "<group>";
		};
		DADCC0F11D4C0EF10027B7BE /* Firebase */ = {
			isa = PBXGroup;
			children = (
				DADCC0F21D4C0EFB0027B7BE /* CFirebase.swift */,
				DADCC0F61D4C1C110027B7BE /* CFirebaseStorage.swift */,
				DADCC0F81D4C1DD40027B7BE /* CFirebaseAnalytics.swift */,
				DA8421381D4F8A30003CDEA2 /* CFirebaseDatabase.swift */,
				DAD352191D4C551E00401230 /* CFirebaseStorageNews.swift */,
				DAD3521B1D4C557800401230 /* CFirebaseStorageNewsDelegate.swift */,
			);
			path = Firebase;
			sourceTree = "<group>";
		};
/* End PBXGroup section */

/* Begin PBXNativeTarget section */
		DA0EA1411D4BBE1600D300B2 /* infra */ = {
			isa = PBXNativeTarget;
			buildConfigurationList = DA0EA1621D4BBE1600D300B2 /* Build configuration list for PBXNativeTarget "infra" */;
			buildPhases = (
				45E971A4C5F3EB5D1EB97BA6 /* 📦 Check Pods Manifest.lock */,
				DA0EA13E1D4BBE1600D300B2 /* Sources */,
				DA0EA13F1D4BBE1600D300B2 /* Frameworks */,
				DA0EA1401D4BBE1600D300B2 /* Resources */,
				FA58EA108D08E2BDC2D0359C /* 📦 Embed Pods Frameworks */,
				50819FC5325DDD77CA4C5191 /* 📦 Copy Pods Resources */,
			);
			buildRules = (
			);
			dependencies = (
			);
			name = infra;
			productName = infra;
			productReference = DA0EA1421D4BBE1600D300B2 /* infra.app */;
			productType = "com.apple.product-type.application";
		};
		DA0EA1581D4BBE1600D300B2 /* tests */ = {
			isa = PBXNativeTarget;
			buildConfigurationList = DA0EA1651D4BBE1600D300B2 /* Build configuration list for PBXNativeTarget "tests" */;
			buildPhases = (
				DA0EA1551D4BBE1600D300B2 /* Sources */,
				DA0EA1561D4BBE1600D300B2 /* Frameworks */,
				DA0EA1571D4BBE1600D300B2 /* Resources */,
			);
			buildRules = (
			);
			dependencies = (
				DA0EA15B1D4BBE1600D300B2 /* PBXTargetDependency */,
			);
			name = tests;
			productName = infraTests;
			productReference = DA0EA1591D4BBE1600D300B2 /* tests.xctest */;
			productType = "com.apple.product-type.bundle.unit-test";
		};
/* End PBXNativeTarget section */

/* Begin PBXProject section */
		DA0EA13A1D4BBE1600D300B2 /* Project object */ = {
			isa = PBXProject;
			attributes = {
				LastSwiftUpdateCheck = 0730;
				LastUpgradeCheck = 0730;
				ORGANIZATIONNAME = iturbide;
				TargetAttributes = {
					DA0EA1411D4BBE1600D300B2 = {
						CreatedOnToolsVersion = 7.3.1;
						DevelopmentTeam = 7AMWG3RLHN;
					};
					DA0EA1581D4BBE1600D300B2 = {
						CreatedOnToolsVersion = 7.3.1;
						TestTargetID = DA0EA1411D4BBE1600D300B2;
					};
				};
			};
			buildConfigurationList = DA0EA13D1D4BBE1600D300B2 /* Build configuration list for PBXProject "infra" */;
			compatibilityVersion = "Xcode 3.2";
			developmentRegion = English;
			hasScannedForEncodings = 0;
			knownRegions = (
				en,
				Base,
			);
			mainGroup = DA0EA1391D4BBE1600D300B2;
			productRefGroup = DA0EA1431D4BBE1600D300B2 /* Products */;
			projectDirPath = "";
			projectRoot = "";
			targets = (
				DA0EA1411D4BBE1600D300B2 /* infra */,
				DA0EA1581D4BBE1600D300B2 /* tests */,
			);
		};
/* End PBXProject section */

/* Begin PBXResourcesBuildPhase section */
		DA0EA1401D4BBE1600D300B2 /* Resources */ = {
			isa = PBXResourcesBuildPhase;
			buildActionMask = 2147483647;
			files = (
				DA0EA24C1D4BD01100D300B2 /* Localizable.strings in Resources */,
				DA0EA2021D4BD01100D300B2 /* brand.xcassets in Resources */,
				DADCC0F51D4C0FF20027B7BE /* GoogleService-Info.plist in Resources */,
				DA0EA24B1D4BD01100D300B2 /* LaunchScreen.storyboard in Resources */,
				DA0EA2031D4BD01100D300B2 /* ui.xcassets in Resources */,
			);
			runOnlyForDeploymentPostprocessing = 0;
		};
		DA0EA1571D4BBE1600D300B2 /* Resources */ = {
			isa = PBXResourcesBuildPhase;
			buildActionMask = 2147483647;
			files = (
			);
			runOnlyForDeploymentPostprocessing = 0;
		};
/* End PBXResourcesBuildPhase section */

/* Begin PBXShellScriptBuildPhase section */
		45E971A4C5F3EB5D1EB97BA6 /* 📦 Check Pods Manifest.lock */ = {
			isa = PBXShellScriptBuildPhase;
			buildActionMask = 2147483647;
			files = (
			);
			inputPaths = (
			);
			name = "📦 Check Pods Manifest.lock";
			outputPaths = (
			);
			runOnlyForDeploymentPostprocessing = 0;
			shellPath = /bin/sh;
			shellScript = "diff \"${PODS_ROOT}/../Podfile.lock\" \"${PODS_ROOT}/Manifest.lock\" > /dev/null\nif [[ $? != 0 ]] ; then\n    cat << EOM\nerror: The sandbox is not in sync with the Podfile.lock. Run 'pod install' or update your CocoaPods installation.\nEOM\n    exit 1\nfi\n";
			showEnvVarsInLog = 0;
		};
		50819FC5325DDD77CA4C5191 /* 📦 Copy Pods Resources */ = {
			isa = PBXShellScriptBuildPhase;
			buildActionMask = 2147483647;
			files = (
			);
			inputPaths = (
			);
			name = "📦 Copy Pods Resources";
			outputPaths = (
			);
			runOnlyForDeploymentPostprocessing = 0;
			shellPath = /bin/sh;
			shellScript = "\"${SRCROOT}/Pods/Target Support Files/Pods-infra/Pods-infra-resources.sh\"\n";
			showEnvVarsInLog = 0;
		};
		FA58EA108D08E2BDC2D0359C /* 📦 Embed Pods Frameworks */ = {
			isa = PBXShellScriptBuildPhase;
			buildActionMask = 2147483647;
			files = (
			);
			inputPaths = (
			);
			name = "📦 Embed Pods Frameworks";
			outputPaths = (
			);
			runOnlyForDeploymentPostprocessing = 0;
			shellPath = /bin/sh;
			shellScript = "\"${SRCROOT}/Pods/Target Support Files/Pods-infra/Pods-infra-frameworks.sh\"\n";
			showEnvVarsInLog = 0;
		};
/* End PBXShellScriptBuildPhase section */

/* Begin PBXSourcesBuildPhase section */
		DA0EA13E1D4BBE1600D300B2 /* Sources */ = {
			isa = PBXSourcesBuildPhase;
			buildActionMask = 2147483647;
			files = (
				DA0EA2061D4BD01100D300B2 /* CategoryNSManagerdObject.swift in Sources */,
				DA0EA2891D4BD81100D300B2 /* VMainBar.swift in Sources */,
				DA0EA2091D4BD01100D300B2 /* CategoryUIColor.swift in Sources */,
				DA0EA2841D4BD81100D300B2 /* CLanding.swift in Sources */,
				DA0EA2881D4BD81100D300B2 /* VLanding.swift in Sources */,
				DAF5D4501D4F9CDE00282A3B /* Post+CoreDataProperties.swift in Sources */,
				DADCC0F91D4C1DD40027B7BE /* CFirebaseAnalytics.swift in Sources */,
				DAD3521A1D4C551E00401230 /* CFirebaseStorageNews.swift in Sources */,
				DA8421371D4D90A2003CDEA2 /* VHome.swift in Sources */,
				DA0EA2071D4BD01100D300B2 /* CategoryNSNotification.swift in Sources */,
				DADCC0F31D4C0EFB0027B7BE /* CFirebase.swift in Sources */,
				DAD3521C1D4C557800401230 /* CFirebaseStorageNewsDelegate.swift in Sources */,
				DA0EA2851D4BD81100D300B2 /* CMain.swift in Sources */,
				DAF5D4511D4F9CDE00282A3B /* User.swift in Sources */,
				DAF5D44F1D4F9CDE00282A3B /* Post.swift in Sources */,
				DA0EA20A1D4BD01100D300B2 /* CategoryUIFont.swift in Sources */,
				DA0EA21E1D4BD01100D300B2 /* DManagerSaver.swift in Sources */,
				DA0EA2871D4BD81100D300B2 /* CMainParent.swift in Sources */,
				DA0EA20C1D4BD01100D300B2 /* CategoryUIViewController.swift in Sources */,
				DA0EA21D1D4BD01100D300B2 /* DManagerModelInfra.swift in Sources */,
				DAD3521F1D4C657600401230 /* CHome.swift in Sources */,
				DA0EA2081D4BD01100D300B2 /* CategoryUICollectionReusableView.swift in Sources */,
				DA0EA28B1D4BD81100D300B2 /* VMainBarButtonSummary.swift in Sources */,
				DA0EA28C1D4BD81100D300B2 /* VMainLoader.swift in Sources */,
				DA0EA2051D4BD01100D300B2 /* CategoryNSFileManager.swift in Sources */,
				DA0EA21B1D4BD01100D300B2 /* DManager.swift in Sources */,
				DAF5D4521D4F9CDE00282A3B /* User+CoreDataProperties.swift in Sources */,
				DA0EA21C1D4BD01100D300B2 /* DManagerModel.swift in Sources */,
				DA0EA21F1D4BD01100D300B2 /* DInfraModel.xcdatamodeld in Sources */,
				DA8421391D4F8A30003CDEA2 /* CFirebaseDatabase.swift in Sources */,
				DA0EA28A1D4BD81100D300B2 /* VMainBarButton.swift in Sources */,
				DA0EA2861D4BD81100D300B2 /* CMainController.swift in Sources */,
				DA0EA20B1D4BD01100D300B2 /* CategoryUILocalNotification.swift in Sources */,
				DA0C453C1D4C017C003AF335 /* MConfiguration.swift in Sources */,
				DADCC0F71D4C1C110027B7BE /* CFirebaseStorage.swift in Sources */,
				DA0EA2041D4BD01100D300B2 /* CategoryNSDate.swift in Sources */,
			);
			runOnlyForDeploymentPostprocessing = 0;
		};
		DA0EA1551D4BBE1600D300B2 /* Sources */ = {
			isa = PBXSourcesBuildPhase;
			buildActionMask = 2147483647;
			files = (
				DAC549D51D4BF25D00740899 /* infraTests.swift in Sources */,
			);
			runOnlyForDeploymentPostprocessing = 0;
		};
/* End PBXSourcesBuildPhase section */

/* Begin PBXTargetDependency section */
		DA0EA15B1D4BBE1600D300B2 /* PBXTargetDependency */ = {
			isa = PBXTargetDependency;
			target = DA0EA1411D4BBE1600D300B2 /* infra */;
			targetProxy = DA0EA15A1D4BBE1600D300B2 /* PBXContainerItemProxy */;
		};
/* End PBXTargetDependency section */

/* Begin PBXVariantGroup section */
		DA0EA1CD1D4BD01100D300B2 /* LaunchScreen.storyboard */ = {
			isa = PBXVariantGroup;
			children = (
				DA0EA1CE1D4BD01100D300B2 /* en */,
			);
			name = LaunchScreen.storyboard;
			sourceTree = "<group>";
		};
		DA0EA1CF1D4BD01100D300B2 /* Localizable.strings */ = {
			isa = PBXVariantGroup;
			children = (
				DA0EA1D01D4BD01100D300B2 /* en */,
			);
			name = Localizable.strings;
			sourceTree = "<group>";
		};
/* End PBXVariantGroup section */

/* Begin XCBuildConfiguration section */
		DA0EA1601D4BBE1600D300B2 /* Debug */ = {
			isa = XCBuildConfiguration;
			buildSettings = {
				ALWAYS_SEARCH_USER_PATHS = NO;
				CLANG_ANALYZER_NONNULL = YES;
				CLANG_CXX_LANGUAGE_STANDARD = "gnu++0x";
				CLANG_CXX_LIBRARY = "libc++";
				CLANG_ENABLE_MODULES = YES;
				CLANG_ENABLE_OBJC_ARC = YES;
				CLANG_WARN_BOOL_CONVERSION = YES;
				CLANG_WARN_CONSTANT_CONVERSION = YES;
				CLANG_WARN_DIRECT_OBJC_ISA_USAGE = YES_ERROR;
				CLANG_WARN_EMPTY_BODY = YES;
				CLANG_WARN_ENUM_CONVERSION = YES;
				CLANG_WARN_INT_CONVERSION = YES;
				CLANG_WARN_OBJC_ROOT_CLASS = YES_ERROR;
				CLANG_WARN_UNREACHABLE_CODE = YES;
				CLANG_WARN__DUPLICATE_METHOD_MATCH = YES;
				"CODE_SIGN_IDENTITY[sdk=iphoneos*]" = "iPhone Developer";
				COPY_PHASE_STRIP = NO;
				DEBUG_INFORMATION_FORMAT = dwarf;
				ENABLE_STRICT_OBJC_MSGSEND = YES;
				ENABLE_TESTABILITY = YES;
				GCC_C_LANGUAGE_STANDARD = gnu99;
				GCC_DYNAMIC_NO_PIC = NO;
				GCC_NO_COMMON_BLOCKS = YES;
				GCC_OPTIMIZATION_LEVEL = 0;
				GCC_PREPROCESSOR_DEFINITIONS = (
					"DEBUG=1",
					"$(inherited)",
				);
				GCC_WARN_64_TO_32_BIT_CONVERSION = YES;
				GCC_WARN_ABOUT_RETURN_TYPE = YES_ERROR;
				GCC_WARN_UNDECLARED_SELECTOR = YES;
				GCC_WARN_UNINITIALIZED_AUTOS = YES_AGGRESSIVE;
				GCC_WARN_UNUSED_FUNCTION = YES;
				GCC_WARN_UNUSED_VARIABLE = YES;
				IPHONEOS_DEPLOYMENT_TARGET = 9;
				MTL_ENABLE_DEBUG_INFO = YES;
				ONLY_ACTIVE_ARCH = YES;
				SDKROOT = iphoneos;
				SWIFT_OPTIMIZATION_LEVEL = "-Onone";
				TARGETED_DEVICE_FAMILY = "1,2";
			};
			name = Debug;
		};
		DA0EA1611D4BBE1600D300B2 /* Release */ = {
			isa = XCBuildConfiguration;
			buildSettings = {
				ALWAYS_SEARCH_USER_PATHS = NO;
				CLANG_ANALYZER_NONNULL = YES;
				CLANG_CXX_LANGUAGE_STANDARD = "gnu++0x";
				CLANG_CXX_LIBRARY = "libc++";
				CLANG_ENABLE_MODULES = YES;
				CLANG_ENABLE_OBJC_ARC = YES;
				CLANG_WARN_BOOL_CONVERSION = YES;
				CLANG_WARN_CONSTANT_CONVERSION = YES;
				CLANG_WARN_DIRECT_OBJC_ISA_USAGE = YES_ERROR;
				CLANG_WARN_EMPTY_BODY = YES;
				CLANG_WARN_ENUM_CONVERSION = YES;
				CLANG_WARN_INT_CONVERSION = YES;
				CLANG_WARN_OBJC_ROOT_CLASS = YES_ERROR;
				CLANG_WARN_UNREACHABLE_CODE = YES;
				CLANG_WARN__DUPLICATE_METHOD_MATCH = YES;
				"CODE_SIGN_IDENTITY[sdk=iphoneos*]" = "iPhone Developer";
				COPY_PHASE_STRIP = NO;
				DEBUG_INFORMATION_FORMAT = "dwarf-with-dsym";
				ENABLE_NS_ASSERTIONS = NO;
				ENABLE_STRICT_OBJC_MSGSEND = YES;
				GCC_C_LANGUAGE_STANDARD = gnu99;
				GCC_NO_COMMON_BLOCKS = YES;
				GCC_WARN_64_TO_32_BIT_CONVERSION = YES;
				GCC_WARN_ABOUT_RETURN_TYPE = YES_ERROR;
				GCC_WARN_UNDECLARED_SELECTOR = YES;
				GCC_WARN_UNINITIALIZED_AUTOS = YES_AGGRESSIVE;
				GCC_WARN_UNUSED_FUNCTION = YES;
				GCC_WARN_UNUSED_VARIABLE = YES;
				IPHONEOS_DEPLOYMENT_TARGET = 9;
				MTL_ENABLE_DEBUG_INFO = NO;
				SDKROOT = iphoneos;
				TARGETED_DEVICE_FAMILY = "1,2";
				VALIDATE_PRODUCT = YES;
			};
			name = Release;
		};
		DA0EA1631D4BBE1600D300B2 /* Debug */ = {
			isa = XCBuildConfiguration;
			baseConfigurationReference = 62166C2939D3FF8FFD975C0C /* Pods-infra.debug.xcconfig */;
			buildSettings = {
				ASSETCATALOG_COMPILER_APPICON_NAME = AppIcon;
				CODE_SIGN_IDENTITY = "iPhone Developer";
				INFOPLIST_FILE = infra/Info.plist;
				LD_RUNPATH_SEARCH_PATHS = "$(inherited) @executable_path/Frameworks";
				PRODUCT_BUNDLE_IDENTIFIER = iturbide.infra;
				PRODUCT_NAME = "$(TARGET_NAME)";
				PROVISIONING_PROFILE = "f3d3017c-d0dd-4d9b-a098-38a72914460c";
				TARGETED_DEVICE_FAMILY = "1,2";
			};
			name = Debug;
		};
		DA0EA1641D4BBE1600D300B2 /* Release */ = {
			isa = XCBuildConfiguration;
			baseConfigurationReference = 670AE32D30D68DAE74EFD8D0 /* Pods-infra.release.xcconfig */;
			buildSettings = {
				ASSETCATALOG_COMPILER_APPICON_NAME = AppIcon;
				CODE_SIGN_IDENTITY = "iPhone Developer";
				INFOPLIST_FILE = infra/Info.plist;
				LD_RUNPATH_SEARCH_PATHS = "$(inherited) @executable_path/Frameworks";
				PRODUCT_BUNDLE_IDENTIFIER = iturbide.infra;
				PRODUCT_NAME = "$(TARGET_NAME)";
				PROVISIONING_PROFILE = "2461959b-b340-400c-941f-0beb1af13f63";
				TARGETED_DEVICE_FAMILY = "1,2";
			};
			name = Release;
		};
		DA0EA1661D4BBE1600D300B2 /* Debug */ = {
			isa = XCBuildConfiguration;
			buildSettings = {
				BUNDLE_LOADER = "$(TEST_HOST)";
				INFOPLIST_FILE = Infra/Test/Info.plist;
				LD_RUNPATH_SEARCH_PATHS = "$(inherited) @executable_path/Frameworks @loader_path/Frameworks";
				PRODUCT_BUNDLE_IDENTIFIER = iturbide.infraTests;
				PRODUCT_NAME = "$(TARGET_NAME)";
				TEST_HOST = "$(BUILT_PRODUCTS_DIR)/infra.app/infra";
			};
			name = Debug;
		};
		DA0EA1671D4BBE1600D300B2 /* Release */ = {
			isa = XCBuildConfiguration;
			buildSettings = {
				BUNDLE_LOADER = "$(TEST_HOST)";
				INFOPLIST_FILE = Infra/Test/Info.plist;
				LD_RUNPATH_SEARCH_PATHS = "$(inherited) @executable_path/Frameworks @loader_path/Frameworks";
				PRODUCT_BUNDLE_IDENTIFIER = iturbide.infraTests;
				PRODUCT_NAME = "$(TARGET_NAME)";
				TEST_HOST = "$(BUILT_PRODUCTS_DIR)/infra.app/infra";
			};
			name = Release;
		};
/* End XCBuildConfiguration section */

/* Begin XCConfigurationList section */
		DA0EA13D1D4BBE1600D300B2 /* Build configuration list for PBXProject "infra" */ = {
			isa = XCConfigurationList;
			buildConfigurations = (
				DA0EA1601D4BBE1600D300B2 /* Debug */,
				DA0EA1611D4BBE1600D300B2 /* Release */,
			);
			defaultConfigurationIsVisible = 0;
			defaultConfigurationName = Release;
		};
		DA0EA1621D4BBE1600D300B2 /* Build configuration list for PBXNativeTarget "infra" */ = {
			isa = XCConfigurationList;
			buildConfigurations = (
				DA0EA1631D4BBE1600D300B2 /* Debug */,
				DA0EA1641D4BBE1600D300B2 /* Release */,
			);
			defaultConfigurationIsVisible = 0;
			defaultConfigurationName = Release;
		};
		DA0EA1651D4BBE1600D300B2 /* Build configuration list for PBXNativeTarget "tests" */ = {
			isa = XCConfigurationList;
			buildConfigurations = (
				DA0EA1661D4BBE1600D300B2 /* Debug */,
				DA0EA1671D4BBE1600D300B2 /* Release */,
			);
			defaultConfigurationIsVisible = 0;
			defaultConfigurationName = Release;
		};
/* End XCConfigurationList section */

/* Begin XCVersionGroup section */
		DA0EA1921D4BD01100D300B2 /* DInfraModel.xcdatamodeld */ = {
			isa = XCVersionGroup;
			children = (
				DA0EA1931D4BD01100D300B2 /* infra.xcdatamodel */,
			);
			currentVersion = DA0EA1931D4BD01100D300B2 /* infra.xcdatamodel */;
			path = DInfraModel.xcdatamodeld;
			sourceTree = "<group>";
			versionGroupType = wrapper.xcdatamodel;
		};
/* End XCVersionGroup section */
	};
	rootObject = DA0EA13A1D4BBE1600D300B2 /* Project object */;
}
