// !$*UTF8*$!
{
	archiveVersion = 1;
	classes = {
	};
	objectVersion = 46;
	objects = {

/* Begin PBXBuildFile section */
		3FD6A0FFD275BE873FD16179 /* Pods_infra.framework in Frameworks */ = {isa = PBXBuildFile; fileRef = D8F6A7F02847BD844F7FC5AF /* Pods_infra.framework */; };
		DA0C453C1D4C017C003AF335 /* MConfiguration.swift in Sources */ = {isa = PBXBuildFile; fileRef = DA0C453B1D4C017C003AF335 /* MConfiguration.swift */; };
		DA0EA2021D4BD01100D300B2 /* brand.xcassets in Resources */ = {isa = PBXBuildFile; fileRef = DA0EA1691D4BD01000D300B2 /* brand.xcassets */; };
		DA0EA2031D4BD01100D300B2 /* ui.xcassets in Resources */ = {isa = PBXBuildFile; fileRef = DA0EA16A1D4BD01000D300B2 /* ui.xcassets */; };
		DA0EA2041D4BD01100D300B2 /* CategoryNSDate.swift in Sources */ = {isa = PBXBuildFile; fileRef = DA0EA16C1D4BD01000D300B2 /* CategoryNSDate.swift */; };
		DA0EA2051D4BD01100D300B2 /* CategoryNSFileManager.swift in Sources */ = {isa = PBXBuildFile; fileRef = DA0EA16D1D4BD01000D300B2 /* CategoryNSFileManager.swift */; };
		DA0EA2061D4BD01100D300B2 /* CategoryNSManagerdObject.swift in Sources */ = {isa = PBXBuildFile; fileRef = DA0EA16E1D4BD01000D300B2 /* CategoryNSManagerdObject.swift */; };
		DA0EA2071D4BD01100D300B2 /* CategoryNSNotification.swift in Sources */ = {isa = PBXBuildFile; fileRef = DA0EA16F1D4BD01000D300B2 /* CategoryNSNotification.swift */; };
		DA0EA2081D4BD01100D300B2 /* CategoryUICollectionReusableView.swift in Sources */ = {isa = PBXBuildFile; fileRef = DA0EA1701D4BD01000D300B2 /* CategoryUICollectionReusableView.swift */; };
		DA0EA2091D4BD01100D300B2 /* CategoryUIColor.swift in Sources */ = {isa = PBXBuildFile; fileRef = DA0EA1711D4BD01000D300B2 /* CategoryUIColor.swift */; };
		DA0EA20A1D4BD01100D300B2 /* CategoryUIFont.swift in Sources */ = {isa = PBXBuildFile; fileRef = DA0EA1721D4BD01000D300B2 /* CategoryUIFont.swift */; };
		DA0EA20B1D4BD01100D300B2 /* CategoryUILocalNotification.swift in Sources */ = {isa = PBXBuildFile; fileRef = DA0EA1731D4BD01000D300B2 /* CategoryUILocalNotification.swift */; };
		DA0EA20C1D4BD01100D300B2 /* CategoryUIViewController.swift in Sources */ = {isa = PBXBuildFile; fileRef = DA0EA1741D4BD01000D300B2 /* CategoryUIViewController.swift */; };
		DA0EA21B1D4BD01100D300B2 /* DManager.swift in Sources */ = {isa = PBXBuildFile; fileRef = DA0EA18D1D4BD01100D300B2 /* DManager.swift */; };
		DA0EA21C1D4BD01100D300B2 /* DManagerModel.swift in Sources */ = {isa = PBXBuildFile; fileRef = DA0EA18E1D4BD01100D300B2 /* DManagerModel.swift */; };
		DA0EA21D1D4BD01100D300B2 /* DManagerModelInfra.swift in Sources */ = {isa = PBXBuildFile; fileRef = DA0EA18F1D4BD01100D300B2 /* DManagerModelInfra.swift */; };
		DA0EA21E1D4BD01100D300B2 /* DManagerSaver.swift in Sources */ = {isa = PBXBuildFile; fileRef = DA0EA1901D4BD01100D300B2 /* DManagerSaver.swift */; };
		DA0EA21F1D4BD01100D300B2 /* DInfraModel.xcdatamodeld in Sources */ = {isa = PBXBuildFile; fileRef = DA0EA1921D4BD01100D300B2 /* DInfraModel.xcdatamodeld */; };
		DA0EA24B1D4BD01100D300B2 /* LaunchScreen.storyboard in Resources */ = {isa = PBXBuildFile; fileRef = DA0EA1CD1D4BD01100D300B2 /* LaunchScreen.storyboard */; };
		DA0EA24C1D4BD01100D300B2 /* Localizable.strings in Resources */ = {isa = PBXBuildFile; fileRef = DA0EA1CF1D4BD01100D300B2 /* Localizable.strings */; };
		DA0EA2841D4BD81100D300B2 /* CLanding.swift in Sources */ = {isa = PBXBuildFile; fileRef = DA0EA2761D4BD81100D300B2 /* CLanding.swift */; };
		DA0EA2851D4BD81100D300B2 /* CMain.swift in Sources */ = {isa = PBXBuildFile; fileRef = DA0EA2781D4BD81100D300B2 /* CMain.swift */; };
		DA0EA2861D4BD81100D300B2 /* CMainController.swift in Sources */ = {isa = PBXBuildFile; fileRef = DA0EA2791D4BD81100D300B2 /* CMainController.swift */; };
		DA0EA2871D4BD81100D300B2 /* CMainParent.swift in Sources */ = {isa = PBXBuildFile; fileRef = DA0EA27A1D4BD81100D300B2 /* CMainParent.swift */; };
		DA0EA2881D4BD81100D300B2 /* VLanding.swift in Sources */ = {isa = PBXBuildFile; fileRef = DA0EA27E1D4BD81100D300B2 /* VLanding.swift */; };
		DA0EA2891D4BD81100D300B2 /* VMainBar.swift in Sources */ = {isa = PBXBuildFile; fileRef = DA0EA2801D4BD81100D300B2 /* VMainBar.swift */; };
		DA0EA28A1D4BD81100D300B2 /* VMainBarButton.swift in Sources */ = {isa = PBXBuildFile; fileRef = DA0EA2811D4BD81100D300B2 /* VMainBarButton.swift */; };
		DA0EA28C1D4BD81100D300B2 /* VMainLoader.swift in Sources */ = {isa = PBXBuildFile; fileRef = DA0EA2831D4BD81100D300B2 /* VMainLoader.swift */; };
		DA381A241D55497300140F7E /* VOnboardingItemHistory.swift in Sources */ = {isa = PBXBuildFile; fileRef = DA381A221D55497300140F7E /* VOnboardingItemHistory.swift */; };
		DA381A261D554A5300140F7E /* VOnboardingItemHistoryImage.swift in Sources */ = {isa = PBXBuildFile; fileRef = DA381A251D554A5300140F7E /* VOnboardingItemHistoryImage.swift */; };
		DA381A281D554A6300140F7E /* VOnboardingItemHistoryDescr.swift in Sources */ = {isa = PBXBuildFile; fileRef = DA381A271D554A6300140F7E /* VOnboardingItemHistoryDescr.swift */; };
		DA381A301D554C9B00140F7E /* MOnboarding.swift in Sources */ = {isa = PBXBuildFile; fileRef = DA381A2B1D554C9B00140F7E /* MOnboarding.swift */; };
		DA381A311D554C9B00140F7E /* MOnboardingItem.swift in Sources */ = {isa = PBXBuildFile; fileRef = DA381A2C1D554C9B00140F7E /* MOnboardingItem.swift */; };
		DA381A321D554C9B00140F7E /* MOnboardingItemApp.swift in Sources */ = {isa = PBXBuildFile; fileRef = DA381A2D1D554C9B00140F7E /* MOnboardingItemApp.swift */; };
		DA381A331D554C9B00140F7E /* MOnboardingItemHistory.swift in Sources */ = {isa = PBXBuildFile; fileRef = DA381A2E1D554C9B00140F7E /* MOnboardingItemHistory.swift */; };
		DA381A341D554C9B00140F7E /* MOnboardingItemUser.swift in Sources */ = {isa = PBXBuildFile; fileRef = DA381A2F1D554C9B00140F7E /* MOnboardingItemUser.swift */; };
		DA381A381D554CE000140F7E /* MOnboardingItemHistoryModel.swift in Sources */ = {isa = PBXBuildFile; fileRef = DA381A371D554CE000140F7E /* MOnboardingItemHistoryModel.swift */; };
		DA381A3A1D554CFE00140F7E /* MOnboardingItemHistoryModelItem.swift in Sources */ = {isa = PBXBuildFile; fileRef = DA381A391D554CFE00140F7E /* MOnboardingItemHistoryModelItem.swift */; };
		DA381A3C1D554D0B00140F7E /* MOnboardingItemHistoryModelItemImage.swift in Sources */ = {isa = PBXBuildFile; fileRef = DA381A3B1D554D0B00140F7E /* MOnboardingItemHistoryModelItemImage.swift */; };
		DA381A3E1D554D1A00140F7E /* MOnboardingItemHistoryModelItemDescr.swift in Sources */ = {isa = PBXBuildFile; fileRef = DA381A3D1D554D1A00140F7E /* MOnboardingItemHistoryModelItemDescr.swift */; };
		DA800ACD1D4FC3F1008C4904 /* DInfraUser.swift in Sources */ = {isa = PBXBuildFile; fileRef = DA800AC91D4FC3F1008C4904 /* DInfraUser.swift */; };
		DA800ACE1D4FC3F1008C4904 /* DInfraUser+CoreDataProperties.swift in Sources */ = {isa = PBXBuildFile; fileRef = DA800ACA1D4FC3F1008C4904 /* DInfraUser+CoreDataProperties.swift */; };
		DA800AD01D4FC8E0008C4904 /* MConfigurationFont.swift in Sources */ = {isa = PBXBuildFile; fileRef = DA800ACF1D4FC8E0008C4904 /* MConfigurationFont.swift */; };
		DA800AFE1D4FD5D9008C4904 /* FAnalytics.swift in Sources */ = {isa = PBXBuildFile; fileRef = DA800AF41D4FD5D9008C4904 /* FAnalytics.swift */; };
		DA800B001D4FD5D9008C4904 /* FMain.swift in Sources */ = {isa = PBXBuildFile; fileRef = DA800AF81D4FD5D9008C4904 /* FMain.swift */; };
		DA800B011D4FD5D9008C4904 /* GoogleService-Info.plist in Resources */ = {isa = PBXBuildFile; fileRef = DA800AF91D4FD5D9008C4904 /* GoogleService-Info.plist */; };
		DA800B021D4FD5D9008C4904 /* FStorage.swift in Sources */ = {isa = PBXBuildFile; fileRef = DA800AFB1D4FD5D9008C4904 /* FStorage.swift */; };
		DA800B031D4FD5D9008C4904 /* FStorageNews.swift in Sources */ = {isa = PBXBuildFile; fileRef = DA800AFC1D4FD5D9008C4904 /* FStorageNews.swift */; };
		DA800B041D4FD5D9008C4904 /* FStorageNewsDelegate.swift in Sources */ = {isa = PBXBuildFile; fileRef = DA800AFD1D4FD5D9008C4904 /* FStorageNewsDelegate.swift */; };
		DA800B081D4FD69C008C4904 /* FDatabase.swift in Sources */ = {isa = PBXBuildFile; fileRef = DA800B061D4FD69C008C4904 /* FDatabase.swift */; };
		DA800B0A1D4FD894008C4904 /* FDatabaseModelUser.swift in Sources */ = {isa = PBXBuildFile; fileRef = DA800B091D4FD894008C4904 /* FDatabaseModelUser.swift */; };
		DA800B0C1D4FDF80008C4904 /* FDatabaseModel.swift in Sources */ = {isa = PBXBuildFile; fileRef = DA800B0B1D4FDF80008C4904 /* FDatabaseModel.swift */; };
		DA800B0F1D4FED14008C4904 /* CAccessBanned.swift in Sources */ = {isa = PBXBuildFile; fileRef = DA800B0E1D4FED14008C4904 /* CAccessBanned.swift */; };
		DA800B121D4FF0B9008C4904 /* VAccessBanned.swift in Sources */ = {isa = PBXBuildFile; fileRef = DA800B111D4FF0B9008C4904 /* VAccessBanned.swift */; };
		DA800B1F1D5014A4008C4904 /* VMainBarButtonHome.swift in Sources */ = {isa = PBXBuildFile; fileRef = DA800B1E1D5014A4008C4904 /* VMainBarButtonHome.swift */; };
		DA800B211D501585008C4904 /* VMainBarButtonCreate.swift in Sources */ = {isa = PBXBuildFile; fileRef = DA800B201D501585008C4904 /* VMainBarButtonCreate.swift */; };
		DA800B231D5015A4008C4904 /* VMainBarButtonLiked.swift in Sources */ = {isa = PBXBuildFile; fileRef = DA800B221D5015A4008C4904 /* VMainBarButtonLiked.swift */; };
		DA800B251D5015BD008C4904 /* VMainBarButtonProfile.swift in Sources */ = {isa = PBXBuildFile; fileRef = DA800B241D5015BD008C4904 /* VMainBarButtonProfile.swift */; };
		DA800B271D50261D008C4904 /* VMainBarCell.swift in Sources */ = {isa = PBXBuildFile; fileRef = DA800B261D50261D008C4904 /* VMainBarCell.swift */; };
		DA800B2F1D502981008C4904 /* MMainTransition.swift in Sources */ = {isa = PBXBuildFile; fileRef = DA800B2A1D502981008C4904 /* MMainTransition.swift */; };
		DA800B301D502981008C4904 /* MMainTransitionFade.swift in Sources */ = {isa = PBXBuildFile; fileRef = DA800B2B1D502981008C4904 /* MMainTransitionFade.swift */; };
		DA800B311D502981008C4904 /* MMainTransitionReplace.swift in Sources */ = {isa = PBXBuildFile; fileRef = DA800B2C1D502981008C4904 /* MMainTransitionReplace.swift */; };
		DA800B321D502981008C4904 /* MMainTransitionScrollLeft.swift in Sources */ = {isa = PBXBuildFile; fileRef = DA800B2D1D502981008C4904 /* MMainTransitionScrollLeft.swift */; };
		DA800B331D502981008C4904 /* MMainTransitionScrollRight.swift in Sources */ = {isa = PBXBuildFile; fileRef = DA800B2E1D502981008C4904 /* MMainTransitionScrollRight.swift */; };
		DA800B351D50298D008C4904 /* MMainNav.swift in Sources */ = {isa = PBXBuildFile; fileRef = DA800B341D50298D008C4904 /* MMainNav.swift */; };
		DA800B371D50299B008C4904 /* MMainNavItem.swift in Sources */ = {isa = PBXBuildFile; fileRef = DA800B361D50299B008C4904 /* MMainNavItem.swift */; };
		DA800B391D5029AD008C4904 /* MMainNavItemHome.swift in Sources */ = {isa = PBXBuildFile; fileRef = DA800B381D5029AD008C4904 /* MMainNavItemHome.swift */; };
		DA800B3B1D5029B9008C4904 /* MMainNavItemProfile.swift in Sources */ = {isa = PBXBuildFile; fileRef = DA800B3A1D5029B9008C4904 /* MMainNavItemProfile.swift */; };
		DA800B3D1D5029C2008C4904 /* MMainNavItemCreate.swift in Sources */ = {isa = PBXBuildFile; fileRef = DA800B3C1D5029C2008C4904 /* MMainNavItemCreate.swift */; };
		DA800B3F1D5029CB008C4904 /* MMainNavItemLiked.swift in Sources */ = {isa = PBXBuildFile; fileRef = DA800B3E1D5029CB008C4904 /* MMainNavItemLiked.swift */; };
		DA800B411D502B78008C4904 /* MMainNavItemState.swift in Sources */ = {isa = PBXBuildFile; fileRef = DA800B401D502B78008C4904 /* MMainNavItemState.swift */; };
		DA800B431D502B92008C4904 /* MMainNavItemStateNone.swift in Sources */ = {isa = PBXBuildFile; fileRef = DA800B421D502B92008C4904 /* MMainNavItemStateNone.swift */; };
		DA800B471D502BAC008C4904 /* MMainNavItemStateActive.swift in Sources */ = {isa = PBXBuildFile; fileRef = DA800B461D502BAC008C4904 /* MMainNavItemStateActive.swift */; };
		DA8421371D4D90A2003CDEA2 /* VHome.swift in Sources */ = {isa = PBXBuildFile; fileRef = DA8421361D4D90A2003CDEA2 /* VHome.swift */; };
		DAA0551E1D53D9E60070D0E0 /* CCreate.swift in Sources */ = {isa = PBXBuildFile; fileRef = DAA0551D1D53D9E60070D0E0 /* CCreate.swift */; };
		DAA055211D53DAC20070D0E0 /* VCreate.swift in Sources */ = {isa = PBXBuildFile; fileRef = DAA055201D53DAC20070D0E0 /* VCreate.swift */; };
		DAA055231D53E1C60070D0E0 /* VCreateCell.swift in Sources */ = {isa = PBXBuildFile; fileRef = DAA055221D53E1C60070D0E0 /* VCreateCell.swift */; };
		DAA055251D53E73D0070D0E0 /* VCreateCellTitle.swift in Sources */ = {isa = PBXBuildFile; fileRef = DAA055241D53E73D0070D0E0 /* VCreateCellTitle.swift */; };
		DAA055271D53E8620070D0E0 /* VCreateCellText.swift in Sources */ = {isa = PBXBuildFile; fileRef = DAA055261D53E8620070D0E0 /* VCreateCellText.swift */; };
		DAA0552B1D53E88B0070D0E0 /* VCreateCellPublish.swift in Sources */ = {isa = PBXBuildFile; fileRef = DAA0552A1D53E88B0070D0E0 /* VCreateCellPublish.swift */; };
		DAA055301D53EB890070D0E0 /* MCreate.swift in Sources */ = {isa = PBXBuildFile; fileRef = DAA0552F1D53EB890070D0E0 /* MCreate.swift */; };
		DAA055321D53EBC90070D0E0 /* MCreateItem.swift in Sources */ = {isa = PBXBuildFile; fileRef = DAA055311D53EBC90070D0E0 /* MCreateItem.swift */; };
		DAA055341D53EBEC0070D0E0 /* MCreateItemTitle.swift in Sources */ = {isa = PBXBuildFile; fileRef = DAA055331D53EBEC0070D0E0 /* MCreateItemTitle.swift */; };
		DAA055361D53EBF50070D0E0 /* MCreateItemText.swift in Sources */ = {isa = PBXBuildFile; fileRef = DAA055351D53EBF50070D0E0 /* MCreateItemText.swift */; };
		DAA0553C1D53FE490070D0E0 /* MCreateItemPublish.swift in Sources */ = {isa = PBXBuildFile; fileRef = DAA0553B1D53FE490070D0E0 /* MCreateItemPublish.swift */; };
		DAA0553E1D5407450070D0E0 /* VCreateHeader.swift in Sources */ = {isa = PBXBuildFile; fileRef = DAA0553D1D5407450070D0E0 /* VCreateHeader.swift */; };
		DAA78FC91D57C45A007D86D9 /* FStoragePoem.swift in Sources */ = {isa = PBXBuildFile; fileRef = DAA78FC81D57C45A007D86D9 /* FStoragePoem.swift */; };
		DAA78FCB1D57C4BC007D86D9 /* FStoragePoemDelegate.swift in Sources */ = {isa = PBXBuildFile; fileRef = DAA78FCA1D57C4BC007D86D9 /* FStoragePoemDelegate.swift */; };
		DAB21B951D5506D8001CD703 /* COnboarding.swift in Sources */ = {isa = PBXBuildFile; fileRef = DAB21B941D5506D8001CD703 /* COnboarding.swift */; };
		DAB21BA21D550887001CD703 /* COnboardingItem.swift in Sources */ = {isa = PBXBuildFile; fileRef = DAB21BA11D550887001CD703 /* COnboardingItem.swift */; };
		DAB21BA41D5508AD001CD703 /* COnboardingItemHistory.swift in Sources */ = {isa = PBXBuildFile; fileRef = DAB21BA31D5508AD001CD703 /* COnboardingItemHistory.swift */; };
		DAB21BA61D5508B9001CD703 /* COnboardingItemApp.swift in Sources */ = {isa = PBXBuildFile; fileRef = DAB21BA51D5508B9001CD703 /* COnboardingItemApp.swift */; };
		DAB21BA81D5508C0001CD703 /* COnboardingItemUser.swift in Sources */ = {isa = PBXBuildFile; fileRef = DAB21BA71D5508C0001CD703 /* COnboardingItemUser.swift */; };
		DAB8CE0E1D54D7A800F273E1 /* VMainAlert.swift in Sources */ = {isa = PBXBuildFile; fileRef = DAB8CE0D1D54D7A800F273E1 /* VMainAlert.swift */; };
		DAB8CE101D54FFED00F273E1 /* FDatabaseModelPoem.swift in Sources */ = {isa = PBXBuildFile; fileRef = DAB8CE0F1D54FFED00F273E1 /* FDatabaseModelPoem.swift */; };
		DAB8CE131D5503A500F273E1 /* DInfraPoem.swift in Sources */ = {isa = PBXBuildFile; fileRef = DAB8CE111D5503A500F273E1 /* DInfraPoem.swift */; };
		DAB8CE141D5503A500F273E1 /* DInfraPoem+CoreDataProperties.swift in Sources */ = {isa = PBXBuildFile; fileRef = DAB8CE121D5503A500F273E1 /* DInfraPoem+CoreDataProperties.swift */; };
		DAC549D51D4BF25D00740899 /* infraTests.swift in Sources */ = {isa = PBXBuildFile; fileRef = DA0EA1D31D4BD01100D300B2 /* infraTests.swift */; };
		DAD3521F1D4C657600401230 /* CHome.swift in Sources */ = {isa = PBXBuildFile; fileRef = DAD3521E1D4C657600401230 /* CHome.swift */; };
		DAF03C691D518AE000DA1B81 /* MMainNavItemNotifications.swift in Sources */ = {isa = PBXBuildFile; fileRef = DAF03C681D518AE000DA1B81 /* MMainNavItemNotifications.swift */; };
		DAF32B0E1D5586BC00704E75 /* VOnboardingItemApp.swift in Sources */ = {isa = PBXBuildFile; fileRef = DAF32B0D1D5586BC00704E75 /* VOnboardingItemApp.swift */; };
		DAF32B101D55962900704E75 /* VOnboardingItemUser.swift in Sources */ = {isa = PBXBuildFile; fileRef = DAF32B0F1D55962900704E75 /* VOnboardingItemUser.swift */; };
/* End PBXBuildFile section */

/* Begin PBXContainerItemProxy section */
		DA0EA15A1D4BBE1600D300B2 /* PBXContainerItemProxy */ = {
			isa = PBXContainerItemProxy;
			containerPortal = DA0EA13A1D4BBE1600D300B2 /* Project object */;
			proxyType = 1;
			remoteGlobalIDString = DA0EA1411D4BBE1600D300B2;
			remoteInfo = infra;
		};
/* End PBXContainerItemProxy section */

/* Begin PBXFileReference section */
		62166C2939D3FF8FFD975C0C /* Pods-infra.debug.xcconfig */ = {isa = PBXFileReference; includeInIndex = 1; lastKnownFileType = text.xcconfig; name = "Pods-infra.debug.xcconfig"; path = "Pods/Target Support Files/Pods-infra/Pods-infra.debug.xcconfig"; sourceTree = "<group>"; };
		670AE32D30D68DAE74EFD8D0 /* Pods-infra.release.xcconfig */ = {isa = PBXFileReference; includeInIndex = 1; lastKnownFileType = text.xcconfig; name = "Pods-infra.release.xcconfig"; path = "Pods/Target Support Files/Pods-infra/Pods-infra.release.xcconfig"; sourceTree = "<group>"; };
		D8F6A7F02847BD844F7FC5AF /* Pods_infra.framework */ = {isa = PBXFileReference; explicitFileType = wrapper.framework; includeInIndex = 0; path = Pods_infra.framework; sourceTree = BUILT_PRODUCTS_DIR; };
		DA0C453B1D4C017C003AF335 /* MConfiguration.swift */ = {isa = PBXFileReference; fileEncoding = 4; lastKnownFileType = sourcecode.swift; path = MConfiguration.swift; sourceTree = "<group>"; };
		DA0EA1421D4BBE1600D300B2 /* infra.app */ = {isa = PBXFileReference; explicitFileType = wrapper.application; includeInIndex = 0; path = infra.app; sourceTree = BUILT_PRODUCTS_DIR; };
		DA0EA1591D4BBE1600D300B2 /* tests.xctest */ = {isa = PBXFileReference; explicitFileType = wrapper.cfbundle; includeInIndex = 0; path = tests.xctest; sourceTree = BUILT_PRODUCTS_DIR; };
		DA0EA1691D4BD01000D300B2 /* brand.xcassets */ = {isa = PBXFileReference; lastKnownFileType = folder.assetcatalog; path = brand.xcassets; sourceTree = "<group>"; };
		DA0EA16A1D4BD01000D300B2 /* ui.xcassets */ = {isa = PBXFileReference; lastKnownFileType = folder.assetcatalog; path = ui.xcassets; sourceTree = "<group>"; };
		DA0EA16C1D4BD01000D300B2 /* CategoryNSDate.swift */ = {isa = PBXFileReference; fileEncoding = 4; lastKnownFileType = sourcecode.swift; path = CategoryNSDate.swift; sourceTree = "<group>"; };
		DA0EA16D1D4BD01000D300B2 /* CategoryNSFileManager.swift */ = {isa = PBXFileReference; fileEncoding = 4; lastKnownFileType = sourcecode.swift; path = CategoryNSFileManager.swift; sourceTree = "<group>"; };
		DA0EA16E1D4BD01000D300B2 /* CategoryNSManagerdObject.swift */ = {isa = PBXFileReference; fileEncoding = 4; lastKnownFileType = sourcecode.swift; path = CategoryNSManagerdObject.swift; sourceTree = "<group>"; };
		DA0EA16F1D4BD01000D300B2 /* CategoryNSNotification.swift */ = {isa = PBXFileReference; fileEncoding = 4; lastKnownFileType = sourcecode.swift; path = CategoryNSNotification.swift; sourceTree = "<group>"; };
		DA0EA1701D4BD01000D300B2 /* CategoryUICollectionReusableView.swift */ = {isa = PBXFileReference; fileEncoding = 4; lastKnownFileType = sourcecode.swift; path = CategoryUICollectionReusableView.swift; sourceTree = "<group>"; };
		DA0EA1711D4BD01000D300B2 /* CategoryUIColor.swift */ = {isa = PBXFileReference; fileEncoding = 4; lastKnownFileType = sourcecode.swift; path = CategoryUIColor.swift; sourceTree = "<group>"; };
		DA0EA1721D4BD01000D300B2 /* CategoryUIFont.swift */ = {isa = PBXFileReference; fileEncoding = 4; lastKnownFileType = sourcecode.swift; path = CategoryUIFont.swift; sourceTree = "<group>"; };
		DA0EA1731D4BD01000D300B2 /* CategoryUILocalNotification.swift */ = {isa = PBXFileReference; fileEncoding = 4; lastKnownFileType = sourcecode.swift; path = CategoryUILocalNotification.swift; sourceTree = "<group>"; };
		DA0EA1741D4BD01000D300B2 /* CategoryUIViewController.swift */ = {isa = PBXFileReference; fileEncoding = 4; lastKnownFileType = sourcecode.swift; path = CategoryUIViewController.swift; sourceTree = "<group>"; };
		DA0EA18D1D4BD01100D300B2 /* DManager.swift */ = {isa = PBXFileReference; fileEncoding = 4; lastKnownFileType = sourcecode.swift; path = DManager.swift; sourceTree = "<group>"; };
		DA0EA18E1D4BD01100D300B2 /* DManagerModel.swift */ = {isa = PBXFileReference; fileEncoding = 4; lastKnownFileType = sourcecode.swift; path = DManagerModel.swift; sourceTree = "<group>"; };
		DA0EA18F1D4BD01100D300B2 /* DManagerModelInfra.swift */ = {isa = PBXFileReference; fileEncoding = 4; lastKnownFileType = sourcecode.swift; path = DManagerModelInfra.swift; sourceTree = "<group>"; };
		DA0EA1901D4BD01100D300B2 /* DManagerSaver.swift */ = {isa = PBXFileReference; fileEncoding = 4; lastKnownFileType = sourcecode.swift; path = DManagerSaver.swift; sourceTree = "<group>"; };
		DA0EA1931D4BD01100D300B2 /* infra.xcdatamodel */ = {isa = PBXFileReference; lastKnownFileType = wrapper.xcdatamodel; path = infra.xcdatamodel; sourceTree = "<group>"; };
		DA0EA1981D4BD01100D300B2 /* Info.plist */ = {isa = PBXFileReference; fileEncoding = 4; lastKnownFileType = text.plist.xml; path = Info.plist; sourceTree = "<group>"; };
		DA0EA1CE1D4BD01100D300B2 /* en */ = {isa = PBXFileReference; lastKnownFileType = file.storyboard; name = en; path = en.lproj/LaunchScreen.storyboard; sourceTree = "<group>"; };
		DA0EA1D01D4BD01100D300B2 /* en */ = {isa = PBXFileReference; lastKnownFileType = text.plist.strings; name = en; path = en.lproj/Localizable.strings; sourceTree = "<group>"; };
		DA0EA1D21D4BD01100D300B2 /* Info.plist */ = {isa = PBXFileReference; fileEncoding = 4; lastKnownFileType = text.plist.xml; path = Info.plist; sourceTree = "<group>"; };
		DA0EA1D31D4BD01100D300B2 /* infraTests.swift */ = {isa = PBXFileReference; fileEncoding = 4; lastKnownFileType = sourcecode.swift; path = infraTests.swift; sourceTree = "<group>"; };
		DA0EA2761D4BD81100D300B2 /* CLanding.swift */ = {isa = PBXFileReference; fileEncoding = 4; lastKnownFileType = sourcecode.swift; path = CLanding.swift; sourceTree = "<group>"; };
		DA0EA2781D4BD81100D300B2 /* CMain.swift */ = {isa = PBXFileReference; fileEncoding = 4; lastKnownFileType = sourcecode.swift; path = CMain.swift; sourceTree = "<group>"; };
		DA0EA2791D4BD81100D300B2 /* CMainController.swift */ = {isa = PBXFileReference; fileEncoding = 4; lastKnownFileType = sourcecode.swift; path = CMainController.swift; sourceTree = "<group>"; };
		DA0EA27A1D4BD81100D300B2 /* CMainParent.swift */ = {isa = PBXFileReference; fileEncoding = 4; lastKnownFileType = sourcecode.swift; path = CMainParent.swift; sourceTree = "<group>"; };
		DA0EA27E1D4BD81100D300B2 /* VLanding.swift */ = {isa = PBXFileReference; fileEncoding = 4; lastKnownFileType = sourcecode.swift; path = VLanding.swift; sourceTree = "<group>"; };
		DA0EA2801D4BD81100D300B2 /* VMainBar.swift */ = {isa = PBXFileReference; fileEncoding = 4; lastKnownFileType = sourcecode.swift; path = VMainBar.swift; sourceTree = "<group>"; };
		DA0EA2811D4BD81100D300B2 /* VMainBarButton.swift */ = {isa = PBXFileReference; fileEncoding = 4; lastKnownFileType = sourcecode.swift; path = VMainBarButton.swift; sourceTree = "<group>"; };
		DA0EA2831D4BD81100D300B2 /* VMainLoader.swift */ = {isa = PBXFileReference; fileEncoding = 4; lastKnownFileType = sourcecode.swift; path = VMainLoader.swift; sourceTree = "<group>"; };
		DA381A221D55497300140F7E /* VOnboardingItemHistory.swift */ = {isa = PBXFileReference; fileEncoding = 4; lastKnownFileType = sourcecode.swift; path = VOnboardingItemHistory.swift; sourceTree = "<group>"; };
		DA381A251D554A5300140F7E /* VOnboardingItemHistoryImage.swift */ = {isa = PBXFileReference; fileEncoding = 4; lastKnownFileType = sourcecode.swift; path = VOnboardingItemHistoryImage.swift; sourceTree = "<group>"; };
		DA381A271D554A6300140F7E /* VOnboardingItemHistoryDescr.swift */ = {isa = PBXFileReference; fileEncoding = 4; lastKnownFileType = sourcecode.swift; path = VOnboardingItemHistoryDescr.swift; sourceTree = "<group>"; };
		DA381A2B1D554C9B00140F7E /* MOnboarding.swift */ = {isa = PBXFileReference; fileEncoding = 4; lastKnownFileType = sourcecode.swift; path = MOnboarding.swift; sourceTree = "<group>"; };
		DA381A2C1D554C9B00140F7E /* MOnboardingItem.swift */ = {isa = PBXFileReference; fileEncoding = 4; lastKnownFileType = sourcecode.swift; path = MOnboardingItem.swift; sourceTree = "<group>"; };
		DA381A2D1D554C9B00140F7E /* MOnboardingItemApp.swift */ = {isa = PBXFileReference; fileEncoding = 4; lastKnownFileType = sourcecode.swift; path = MOnboardingItemApp.swift; sourceTree = "<group>"; };
		DA381A2E1D554C9B00140F7E /* MOnboardingItemHistory.swift */ = {isa = PBXFileReference; fileEncoding = 4; lastKnownFileType = sourcecode.swift; path = MOnboardingItemHistory.swift; sourceTree = "<group>"; };
		DA381A2F1D554C9B00140F7E /* MOnboardingItemUser.swift */ = {isa = PBXFileReference; fileEncoding = 4; lastKnownFileType = sourcecode.swift; path = MOnboardingItemUser.swift; sourceTree = "<group>"; };
		DA381A371D554CE000140F7E /* MOnboardingItemHistoryModel.swift */ = {isa = PBXFileReference; fileEncoding = 4; lastKnownFileType = sourcecode.swift; path = MOnboardingItemHistoryModel.swift; sourceTree = "<group>"; };
		DA381A391D554CFE00140F7E /* MOnboardingItemHistoryModelItem.swift */ = {isa = PBXFileReference; fileEncoding = 4; lastKnownFileType = sourcecode.swift; path = MOnboardingItemHistoryModelItem.swift; sourceTree = "<group>"; };
		DA381A3B1D554D0B00140F7E /* MOnboardingItemHistoryModelItemImage.swift */ = {isa = PBXFileReference; fileEncoding = 4; lastKnownFileType = sourcecode.swift; path = MOnboardingItemHistoryModelItemImage.swift; sourceTree = "<group>"; };
		DA381A3D1D554D1A00140F7E /* MOnboardingItemHistoryModelItemDescr.swift */ = {isa = PBXFileReference; fileEncoding = 4; lastKnownFileType = sourcecode.swift; path = MOnboardingItemHistoryModelItemDescr.swift; sourceTree = "<group>"; };
		DA800AC91D4FC3F1008C4904 /* DInfraUser.swift */ = {isa = PBXFileReference; fileEncoding = 4; lastKnownFileType = sourcecode.swift; path = DInfraUser.swift; sourceTree = "<group>"; };
		DA800ACA1D4FC3F1008C4904 /* DInfraUser+CoreDataProperties.swift */ = {isa = PBXFileReference; fileEncoding = 4; lastKnownFileType = sourcecode.swift; path = "DInfraUser+CoreDataProperties.swift"; sourceTree = "<group>"; };
		DA800ACF1D4FC8E0008C4904 /* MConfigurationFont.swift */ = {isa = PBXFileReference; fileEncoding = 4; lastKnownFileType = sourcecode.swift; path = MConfigurationFont.swift; sourceTree = "<group>"; };
		DA800AF41D4FD5D9008C4904 /* FAnalytics.swift */ = {isa = PBXFileReference; fileEncoding = 4; lastKnownFileType = sourcecode.swift; path = FAnalytics.swift; sourceTree = "<group>"; };
		DA800AF81D4FD5D9008C4904 /* FMain.swift */ = {isa = PBXFileReference; fileEncoding = 4; lastKnownFileType = sourcecode.swift; path = FMain.swift; sourceTree = "<group>"; };
		DA800AF91D4FD5D9008C4904 /* GoogleService-Info.plist */ = {isa = PBXFileReference; fileEncoding = 4; lastKnownFileType = text.plist.xml; path = "GoogleService-Info.plist"; sourceTree = "<group>"; };
		DA800AFB1D4FD5D9008C4904 /* FStorage.swift */ = {isa = PBXFileReference; fileEncoding = 4; lastKnownFileType = sourcecode.swift; path = FStorage.swift; sourceTree = "<group>"; };
		DA800AFC1D4FD5D9008C4904 /* FStorageNews.swift */ = {isa = PBXFileReference; fileEncoding = 4; lastKnownFileType = sourcecode.swift; path = FStorageNews.swift; sourceTree = "<group>"; };
		DA800AFD1D4FD5D9008C4904 /* FStorageNewsDelegate.swift */ = {isa = PBXFileReference; fileEncoding = 4; lastKnownFileType = sourcecode.swift; path = FStorageNewsDelegate.swift; sourceTree = "<group>"; };
		DA800B061D4FD69C008C4904 /* FDatabase.swift */ = {isa = PBXFileReference; fileEncoding = 4; lastKnownFileType = sourcecode.swift; path = FDatabase.swift; sourceTree = "<group>"; };
		DA800B091D4FD894008C4904 /* FDatabaseModelUser.swift */ = {isa = PBXFileReference; fileEncoding = 4; lastKnownFileType = sourcecode.swift; path = FDatabaseModelUser.swift; sourceTree = "<group>"; };
		DA800B0B1D4FDF80008C4904 /* FDatabaseModel.swift */ = {isa = PBXFileReference; fileEncoding = 4; lastKnownFileType = sourcecode.swift; path = FDatabaseModel.swift; sourceTree = "<group>"; };
		DA800B0E1D4FED14008C4904 /* CAccessBanned.swift */ = {isa = PBXFileReference; fileEncoding = 4; lastKnownFileType = sourcecode.swift; path = CAccessBanned.swift; sourceTree = "<group>"; };
		DA800B111D4FF0B9008C4904 /* VAccessBanned.swift */ = {isa = PBXFileReference; fileEncoding = 4; lastKnownFileType = sourcecode.swift; path = VAccessBanned.swift; sourceTree = "<group>"; };
		DA800B1E1D5014A4008C4904 /* VMainBarButtonHome.swift */ = {isa = PBXFileReference; fileEncoding = 4; lastKnownFileType = sourcecode.swift; path = VMainBarButtonHome.swift; sourceTree = "<group>"; };
		DA800B201D501585008C4904 /* VMainBarButtonCreate.swift */ = {isa = PBXFileReference; fileEncoding = 4; lastKnownFileType = sourcecode.swift; path = VMainBarButtonCreate.swift; sourceTree = "<group>"; };
		DA800B221D5015A4008C4904 /* VMainBarButtonLiked.swift */ = {isa = PBXFileReference; fileEncoding = 4; lastKnownFileType = sourcecode.swift; path = VMainBarButtonLiked.swift; sourceTree = "<group>"; };
		DA800B241D5015BD008C4904 /* VMainBarButtonProfile.swift */ = {isa = PBXFileReference; fileEncoding = 4; lastKnownFileType = sourcecode.swift; path = VMainBarButtonProfile.swift; sourceTree = "<group>"; };
		DA800B261D50261D008C4904 /* VMainBarCell.swift */ = {isa = PBXFileReference; fileEncoding = 4; lastKnownFileType = sourcecode.swift; path = VMainBarCell.swift; sourceTree = "<group>"; };
		DA800B2A1D502981008C4904 /* MMainTransition.swift */ = {isa = PBXFileReference; fileEncoding = 4; lastKnownFileType = sourcecode.swift; path = MMainTransition.swift; sourceTree = "<group>"; };
		DA800B2B1D502981008C4904 /* MMainTransitionFade.swift */ = {isa = PBXFileReference; fileEncoding = 4; lastKnownFileType = sourcecode.swift; path = MMainTransitionFade.swift; sourceTree = "<group>"; };
		DA800B2C1D502981008C4904 /* MMainTransitionReplace.swift */ = {isa = PBXFileReference; fileEncoding = 4; lastKnownFileType = sourcecode.swift; path = MMainTransitionReplace.swift; sourceTree = "<group>"; };
		DA800B2D1D502981008C4904 /* MMainTransitionScrollLeft.swift */ = {isa = PBXFileReference; fileEncoding = 4; lastKnownFileType = sourcecode.swift; path = MMainTransitionScrollLeft.swift; sourceTree = "<group>"; };
		DA800B2E1D502981008C4904 /* MMainTransitionScrollRight.swift */ = {isa = PBXFileReference; fileEncoding = 4; lastKnownFileType = sourcecode.swift; path = MMainTransitionScrollRight.swift; sourceTree = "<group>"; };
		DA800B341D50298D008C4904 /* MMainNav.swift */ = {isa = PBXFileReference; fileEncoding = 4; lastKnownFileType = sourcecode.swift; path = MMainNav.swift; sourceTree = "<group>"; };
		DA800B361D50299B008C4904 /* MMainNavItem.swift */ = {isa = PBXFileReference; fileEncoding = 4; lastKnownFileType = sourcecode.swift; path = MMainNavItem.swift; sourceTree = "<group>"; };
		DA800B381D5029AD008C4904 /* MMainNavItemHome.swift */ = {isa = PBXFileReference; fileEncoding = 4; lastKnownFileType = sourcecode.swift; path = MMainNavItemHome.swift; sourceTree = "<group>"; };
		DA800B3A1D5029B9008C4904 /* MMainNavItemProfile.swift */ = {isa = PBXFileReference; fileEncoding = 4; lastKnownFileType = sourcecode.swift; path = MMainNavItemProfile.swift; sourceTree = "<group>"; };
		DA800B3C1D5029C2008C4904 /* MMainNavItemCreate.swift */ = {isa = PBXFileReference; fileEncoding = 4; lastKnownFileType = sourcecode.swift; path = MMainNavItemCreate.swift; sourceTree = "<group>"; };
		DA800B3E1D5029CB008C4904 /* MMainNavItemLiked.swift */ = {isa = PBXFileReference; fileEncoding = 4; lastKnownFileType = sourcecode.swift; path = MMainNavItemLiked.swift; sourceTree = "<group>"; };
		DA800B401D502B78008C4904 /* MMainNavItemState.swift */ = {isa = PBXFileReference; fileEncoding = 4; lastKnownFileType = sourcecode.swift; path = MMainNavItemState.swift; sourceTree = "<group>"; };
		DA800B421D502B92008C4904 /* MMainNavItemStateNone.swift */ = {isa = PBXFileReference; fileEncoding = 4; lastKnownFileType = sourcecode.swift; path = MMainNavItemStateNone.swift; sourceTree = "<group>"; };
		DA800B461D502BAC008C4904 /* MMainNavItemStateActive.swift */ = {isa = PBXFileReference; fileEncoding = 4; lastKnownFileType = sourcecode.swift; path = MMainNavItemStateActive.swift; sourceTree = "<group>"; };
		DA8421361D4D90A2003CDEA2 /* VHome.swift */ = {isa = PBXFileReference; fileEncoding = 4; lastKnownFileType = sourcecode.swift; path = VHome.swift; sourceTree = "<group>"; };
		DAA0551D1D53D9E60070D0E0 /* CCreate.swift */ = {isa = PBXFileReference; fileEncoding = 4; lastKnownFileType = sourcecode.swift; path = CCreate.swift; sourceTree = "<group>"; };
		DAA055201D53DAC20070D0E0 /* VCreate.swift */ = {isa = PBXFileReference; fileEncoding = 4; lastKnownFileType = sourcecode.swift; path = VCreate.swift; sourceTree = "<group>"; };
		DAA055221D53E1C60070D0E0 /* VCreateCell.swift */ = {isa = PBXFileReference; fileEncoding = 4; lastKnownFileType = sourcecode.swift; path = VCreateCell.swift; sourceTree = "<group>"; };
		DAA055241D53E73D0070D0E0 /* VCreateCellTitle.swift */ = {isa = PBXFileReference; fileEncoding = 4; lastKnownFileType = sourcecode.swift; path = VCreateCellTitle.swift; sourceTree = "<group>"; };
		DAA055261D53E8620070D0E0 /* VCreateCellText.swift */ = {isa = PBXFileReference; fileEncoding = 4; lastKnownFileType = sourcecode.swift; path = VCreateCellText.swift; sourceTree = "<group>"; };
		DAA0552A1D53E88B0070D0E0 /* VCreateCellPublish.swift */ = {isa = PBXFileReference; fileEncoding = 4; lastKnownFileType = sourcecode.swift; path = VCreateCellPublish.swift; sourceTree = "<group>"; };
		DAA0552F1D53EB890070D0E0 /* MCreate.swift */ = {isa = PBXFileReference; fileEncoding = 4; lastKnownFileType = sourcecode.swift; path = MCreate.swift; sourceTree = "<group>"; };
		DAA055311D53EBC90070D0E0 /* MCreateItem.swift */ = {isa = PBXFileReference; fileEncoding = 4; lastKnownFileType = sourcecode.swift; path = MCreateItem.swift; sourceTree = "<group>"; };
		DAA055331D53EBEC0070D0E0 /* MCreateItemTitle.swift */ = {isa = PBXFileReference; fileEncoding = 4; lastKnownFileType = sourcecode.swift; path = MCreateItemTitle.swift; sourceTree = "<group>"; };
		DAA055351D53EBF50070D0E0 /* MCreateItemText.swift */ = {isa = PBXFileReference; fileEncoding = 4; lastKnownFileType = sourcecode.swift; path = MCreateItemText.swift; sourceTree = "<group>"; };
		DAA0553B1D53FE490070D0E0 /* MCreateItemPublish.swift */ = {isa = PBXFileReference; fileEncoding = 4; lastKnownFileType = sourcecode.swift; path = MCreateItemPublish.swift; sourceTree = "<group>"; };
		DAA0553D1D5407450070D0E0 /* VCreateHeader.swift */ = {isa = PBXFileReference; fileEncoding = 4; lastKnownFileType = sourcecode.swift; path = VCreateHeader.swift; sourceTree = "<group>"; };
		DAA78FC81D57C45A007D86D9 /* FStoragePoem.swift */ = {isa = PBXFileReference; fileEncoding = 4; lastKnownFileType = sourcecode.swift; path = FStoragePoem.swift; sourceTree = "<group>"; };
		DAA78FCA1D57C4BC007D86D9 /* FStoragePoemDelegate.swift */ = {isa = PBXFileReference; fileEncoding = 4; lastKnownFileType = sourcecode.swift; path = FStoragePoemDelegate.swift; sourceTree = "<group>"; };
		DAB21B941D5506D8001CD703 /* COnboarding.swift */ = {isa = PBXFileReference; fileEncoding = 4; lastKnownFileType = sourcecode.swift; path = COnboarding.swift; sourceTree = "<group>"; };
		DAB21BA11D550887001CD703 /* COnboardingItem.swift */ = {isa = PBXFileReference; fileEncoding = 4; lastKnownFileType = sourcecode.swift; path = COnboardingItem.swift; sourceTree = "<group>"; };
		DAB21BA31D5508AD001CD703 /* COnboardingItemHistory.swift */ = {isa = PBXFileReference; fileEncoding = 4; lastKnownFileType = sourcecode.swift; path = COnboardingItemHistory.swift; sourceTree = "<group>"; };
		DAB21BA51D5508B9001CD703 /* COnboardingItemApp.swift */ = {isa = PBXFileReference; fileEncoding = 4; lastKnownFileType = sourcecode.swift; path = COnboardingItemApp.swift; sourceTree = "<group>"; };
		DAB21BA71D5508C0001CD703 /* COnboardingItemUser.swift */ = {isa = PBXFileReference; fileEncoding = 4; lastKnownFileType = sourcecode.swift; path = COnboardingItemUser.swift; sourceTree = "<group>"; };
		DAB8CE0D1D54D7A800F273E1 /* VMainAlert.swift */ = {isa = PBXFileReference; fileEncoding = 4; lastKnownFileType = sourcecode.swift; path = VMainAlert.swift; sourceTree = "<group>"; };
		DAB8CE0F1D54FFED00F273E1 /* FDatabaseModelPoem.swift */ = {isa = PBXFileReference; fileEncoding = 4; lastKnownFileType = sourcecode.swift; path = FDatabaseModelPoem.swift; sourceTree = "<group>"; };
		DAB8CE111D5503A500F273E1 /* DInfraPoem.swift */ = {isa = PBXFileReference; fileEncoding = 4; lastKnownFileType = sourcecode.swift; path = DInfraPoem.swift; sourceTree = "<group>"; };
		DAB8CE121D5503A500F273E1 /* DInfraPoem+CoreDataProperties.swift */ = {isa = PBXFileReference; fileEncoding = 4; lastKnownFileType = sourcecode.swift; path = "DInfraPoem+CoreDataProperties.swift"; sourceTree = "<group>"; };
		DAD352181D4C547D00401230 /* newsMap.plist */ = {isa = PBXFileReference; lastKnownFileType = text.plist.xml; path = newsMap.plist; sourceTree = "<group>"; };
		DAD3521E1D4C657600401230 /* CHome.swift */ = {isa = PBXFileReference; fileEncoding = 4; lastKnownFileType = sourcecode.swift; path = CHome.swift; sourceTree = "<group>"; };
		DAF03C681D518AE000DA1B81 /* MMainNavItemNotifications.swift */ = {isa = PBXFileReference; fileEncoding = 4; lastKnownFileType = sourcecode.swift; path = MMainNavItemNotifications.swift; sourceTree = "<group>"; };
		DAF32B0D1D5586BC00704E75 /* VOnboardingItemApp.swift */ = {isa = PBXFileReference; fileEncoding = 4; lastKnownFileType = sourcecode.swift; path = VOnboardingItemApp.swift; sourceTree = "<group>"; };
		DAF32B0F1D55962900704E75 /* VOnboardingItemUser.swift */ = {isa = PBXFileReference; fileEncoding = 4; lastKnownFileType = sourcecode.swift; path = VOnboardingItemUser.swift; sourceTree = "<group>"; };
/* End PBXFileReference section */

/* Begin PBXFrameworksBuildPhase section */
		DA0EA13F1D4BBE1600D300B2 /* Frameworks */ = {
			isa = PBXFrameworksBuildPhase;
			buildActionMask = 2147483647;
			files = (
				3FD6A0FFD275BE873FD16179 /* Pods_infra.framework in Frameworks */,
			);
			runOnlyForDeploymentPostprocessing = 0;
		};
		DA0EA1561D4BBE1600D300B2 /* Frameworks */ = {
			isa = PBXFrameworksBuildPhase;
			buildActionMask = 2147483647;
			files = (
			);
			runOnlyForDeploymentPostprocessing = 0;
		};
/* End PBXFrameworksBuildPhase section */

/* Begin PBXGroup section */
		30670350BB01803A038A571C /* Frameworks */ = {
			isa = PBXGroup;
			children = (
				D8F6A7F02847BD844F7FC5AF /* Pods_infra.framework */,
			);
			name = Frameworks;
			sourceTree = "<group>";
		};
		C43525C34105D11EB261255C /* Pods */ = {
			isa = PBXGroup;
			children = (
				62166C2939D3FF8FFD975C0C /* Pods-infra.debug.xcconfig */,
				670AE32D30D68DAE74EFD8D0 /* Pods-infra.release.xcconfig */,
			);
			name = Pods;
			sourceTree = "<group>";
		};
		DA0C453A1D4C016E003AF335 /* Configuration */ = {
			isa = PBXGroup;
			children = (
				DA0C453B1D4C017C003AF335 /* MConfiguration.swift */,
				DA800ACF1D4FC8E0008C4904 /* MConfigurationFont.swift */,
			);
			path = Configuration;
			sourceTree = "<group>";
		};
		DA0EA1391D4BBE1600D300B2 = {
			isa = PBXGroup;
			children = (
				DA0EA1441D4BBE1600D300B2 /* infra */,
				DA0EA1431D4BBE1600D300B2 /* Products */,
				C43525C34105D11EB261255C /* Pods */,
				30670350BB01803A038A571C /* Frameworks */,
			);
			sourceTree = "<group>";
		};
		DA0EA1431D4BBE1600D300B2 /* Products */ = {
			isa = PBXGroup;
			children = (
				DA0EA1421D4BBE1600D300B2 /* infra.app */,
				DA0EA1591D4BBE1600D300B2 /* tests.xctest */,
			);
			name = Products;
			sourceTree = "<group>";
		};
		DA0EA1441D4BBE1600D300B2 /* infra */ = {
			isa = PBXGroup;
			children = (
				DA800AF21D4FD5D9008C4904 /* Firebase */,
				DA0EA2741D4BD81100D300B2 /* Controller */,
				DA0EA27B1D4BD81100D300B2 /* Model */,
				DA0EA27C1D4BD81100D300B2 /* View */,
				DA0EA1681D4BD01000D300B2 /* Asset */,
				DA0EA16B1D4BD01000D300B2 /* Category */,
				DA0EA18B1D4BD01100D300B2 /* Data */,
				DA0EA1981D4BD01100D300B2 /* Info.plist */,
				DA0EA1CC1D4BD01100D300B2 /* Resource */,
				DA0EA1D11D4BD01100D300B2 /* Test */,
			);
			path = infra;
			sourceTree = "<group>";
		};
		DA0EA1681D4BD01000D300B2 /* Asset */ = {
			isa = PBXGroup;
			children = (
				DA0EA1691D4BD01000D300B2 /* brand.xcassets */,
				DA0EA16A1D4BD01000D300B2 /* ui.xcassets */,
			);
			path = Asset;
			sourceTree = "<group>";
		};
		DA0EA16B1D4BD01000D300B2 /* Category */ = {
			isa = PBXGroup;
			children = (
				DA0EA16C1D4BD01000D300B2 /* CategoryNSDate.swift */,
				DA0EA16D1D4BD01000D300B2 /* CategoryNSFileManager.swift */,
				DA0EA16E1D4BD01000D300B2 /* CategoryNSManagerdObject.swift */,
				DA0EA16F1D4BD01000D300B2 /* CategoryNSNotification.swift */,
				DA0EA1701D4BD01000D300B2 /* CategoryUICollectionReusableView.swift */,
				DA0EA1711D4BD01000D300B2 /* CategoryUIColor.swift */,
				DA0EA1721D4BD01000D300B2 /* CategoryUIFont.swift */,
				DA0EA1731D4BD01000D300B2 /* CategoryUILocalNotification.swift */,
				DA0EA1741D4BD01000D300B2 /* CategoryUIViewController.swift */,
			);
			path = Category;
			sourceTree = "<group>";
		};
		DA0EA18B1D4BD01100D300B2 /* Data */ = {
			isa = PBXGroup;
			children = (
				DA0EA18C1D4BD01100D300B2 /* Manager */,
				DA0EA1911D4BD01100D300B2 /* Model */,
				DA0EA1941D4BD01100D300B2 /* Object */,
			);
			path = Data;
			sourceTree = "<group>";
		};
		DA0EA18C1D4BD01100D300B2 /* Manager */ = {
			isa = PBXGroup;
			children = (
				DA0EA18D1D4BD01100D300B2 /* DManager.swift */,
				DA0EA18E1D4BD01100D300B2 /* DManagerModel.swift */,
				DA0EA18F1D4BD01100D300B2 /* DManagerModelInfra.swift */,
				DA0EA1901D4BD01100D300B2 /* DManagerSaver.swift */,
			);
			path = Manager;
			sourceTree = "<group>";
		};
		DA0EA1911D4BD01100D300B2 /* Model */ = {
			isa = PBXGroup;
			children = (
				DA0EA1921D4BD01100D300B2 /* DInfraModel.xcdatamodeld */,
			);
			path = Model;
			sourceTree = "<group>";
		};
		DA0EA1941D4BD01100D300B2 /* Object */ = {
			isa = PBXGroup;
			children = (
				DA0EA1951D4BD01100D300B2 /* Infra */,
			);
			path = Object;
			sourceTree = "<group>";
		};
		DA0EA1951D4BD01100D300B2 /* Infra */ = {
			isa = PBXGroup;
			children = (
				DAB8CE111D5503A500F273E1 /* DInfraPoem.swift */,
				DAB8CE121D5503A500F273E1 /* DInfraPoem+CoreDataProperties.swift */,
				DA800AC91D4FC3F1008C4904 /* DInfraUser.swift */,
				DA800ACA1D4FC3F1008C4904 /* DInfraUser+CoreDataProperties.swift */,
			);
			path = Infra;
			sourceTree = "<group>";
		};
		DA0EA1CC1D4BD01100D300B2 /* Resource */ = {
			isa = PBXGroup;
			children = (
				DA0EA1CD1D4BD01100D300B2 /* LaunchScreen.storyboard */,
				DA0EA1CF1D4BD01100D300B2 /* Localizable.strings */,
				DAD352181D4C547D00401230 /* newsMap.plist */,
			);
			path = Resource;
			sourceTree = "<group>";
		};
		DA0EA1D11D4BD01100D300B2 /* Test */ = {
			isa = PBXGroup;
			children = (
				DA0EA1D21D4BD01100D300B2 /* Info.plist */,
				DA0EA1D31D4BD01100D300B2 /* infraTests.swift */,
			);
			path = Test;
			sourceTree = "<group>";
		};
		DA0EA2741D4BD81100D300B2 /* Controller */ = {
			isa = PBXGroup;
			children = (
				DAB21B931D5506CE001CD703 /* Onboarding */,
				DAA0551C1D53D9DD0070D0E0 /* Create */,
				DA800B0D1D4FED06008C4904 /* Access */,
				DAD3521D1D4C656E00401230 /* Home */,
				DA0EA2751D4BD81100D300B2 /* Landing */,
				DA0EA2771D4BD81100D300B2 /* Main */,
			);
			path = Controller;
			sourceTree = "<group>";
		};
		DA0EA2751D4BD81100D300B2 /* Landing */ = {
			isa = PBXGroup;
			children = (
				DA0EA2761D4BD81100D300B2 /* CLanding.swift */,
			);
			path = Landing;
			sourceTree = "<group>";
		};
		DA0EA2771D4BD81100D300B2 /* Main */ = {
			isa = PBXGroup;
			children = (
				DA0EA2781D4BD81100D300B2 /* CMain.swift */,
				DA0EA2791D4BD81100D300B2 /* CMainController.swift */,
				DA0EA27A1D4BD81100D300B2 /* CMainParent.swift */,
			);
			path = Main;
			sourceTree = "<group>";
		};
		DA0EA27B1D4BD81100D300B2 /* Model */ = {
			isa = PBXGroup;
			children = (
				DAB21B961D55070F001CD703 /* Onboarding */,
				DAA0552E1D53EB7C0070D0E0 /* Create */,
				DA800B131D4FF9C9008C4904 /* Main */,
				DA0C453A1D4C016E003AF335 /* Configuration */,
			);
			path = Model;
			sourceTree = "<group>";
		};
		DA0EA27C1D4BD81100D300B2 /* View */ = {
			isa = PBXGroup;
			children = (
				DAB21BA91D552AEA001CD703 /* Onboarding */,
				DAA0551F1D53DAB50070D0E0 /* Create */,
				DA800B101D4FF0AF008C4904 /* Access */,
				DA8421351D4D9098003CDEA2 /* Home */,
				DA0EA27D1D4BD81100D300B2 /* Landing */,
				DA0EA27F1D4BD81100D300B2 /* Main */,
			);
			path = View;
			sourceTree = "<group>";
		};
		DA0EA27D1D4BD81100D300B2 /* Landing */ = {
			isa = PBXGroup;
			children = (
				DA0EA27E1D4BD81100D300B2 /* VLanding.swift */,
			);
			path = Landing;
			sourceTree = "<group>";
		};
		DA0EA27F1D4BD81100D300B2 /* Main */ = {
			isa = PBXGroup;
			children = (
				DA0EA2831D4BD81100D300B2 /* VMainLoader.swift */,
				DA0EA2801D4BD81100D300B2 /* VMainBar.swift */,
				DA0EA2811D4BD81100D300B2 /* VMainBarButton.swift */,
				DA800B1E1D5014A4008C4904 /* VMainBarButtonHome.swift */,
				DA800B201D501585008C4904 /* VMainBarButtonCreate.swift */,
				DA800B221D5015A4008C4904 /* VMainBarButtonLiked.swift */,
				DA800B241D5015BD008C4904 /* VMainBarButtonProfile.swift */,
				DA800B261D50261D008C4904 /* VMainBarCell.swift */,
				DAB8CE0D1D54D7A800F273E1 /* VMainAlert.swift */,
			);
			path = Main;
			sourceTree = "<group>";
		};
		DA381A201D55497300140F7E /* App */ = {
			isa = PBXGroup;
			children = (
				DAF32B0D1D5586BC00704E75 /* VOnboardingItemApp.swift */,
			);
			path = App;
			sourceTree = "<group>";
		};
		DA381A211D55497300140F7E /* History */ = {
			isa = PBXGroup;
			children = (
				DA381A221D55497300140F7E /* VOnboardingItemHistory.swift */,
				DA381A251D554A5300140F7E /* VOnboardingItemHistoryImage.swift */,
				DA381A271D554A6300140F7E /* VOnboardingItemHistoryDescr.swift */,
			);
			path = History;
			sourceTree = "<group>";
		};
		DA381A231D55497300140F7E /* User */ = {
			isa = PBXGroup;
			children = (
				DAF32B0F1D55962900704E75 /* VOnboardingItemUser.swift */,
			);
			path = User;
			sourceTree = "<group>";
		};
		DA381A291D554C9B00140F7E /* History */ = {
			isa = PBXGroup;
			children = (
				DA381A371D554CE000140F7E /* MOnboardingItemHistoryModel.swift */,
				DA381A391D554CFE00140F7E /* MOnboardingItemHistoryModelItem.swift */,
				DA381A3B1D554D0B00140F7E /* MOnboardingItemHistoryModelItemImage.swift */,
				DA381A3D1D554D1A00140F7E /* MOnboardingItemHistoryModelItemDescr.swift */,
			);
			path = History;
			sourceTree = "<group>";
		};
		DA381A2A1D554C9B00140F7E /* Main */ = {
			isa = PBXGroup;
			children = (
				DA381A2B1D554C9B00140F7E /* MOnboarding.swift */,
				DA381A2C1D554C9B00140F7E /* MOnboardingItem.swift */,
				DA381A2D1D554C9B00140F7E /* MOnboardingItemApp.swift */,
				DA381A2E1D554C9B00140F7E /* MOnboardingItemHistory.swift */,
				DA381A2F1D554C9B00140F7E /* MOnboardingItemUser.swift */,
			);
			path = Main;
			sourceTree = "<group>";
		};
		DA800AF21D4FD5D9008C4904 /* Firebase */ = {
			isa = PBXGroup;
			children = (
				DA800AF31D4FD5D9008C4904 /* Analytics */,
				DA800AF51D4FD5D9008C4904 /* Database */,
				DA800AF71D4FD5D9008C4904 /* Main */,
				DA800AFA1D4FD5D9008C4904 /* Storage */,
			);
			path = Firebase;
			sourceTree = "<group>";
		};
		DA800AF31D4FD5D9008C4904 /* Analytics */ = {
			isa = PBXGroup;
			children = (
				DA800AF41D4FD5D9008C4904 /* FAnalytics.swift */,
			);
			path = Analytics;
			sourceTree = "<group>";
		};
		DA800AF51D4FD5D9008C4904 /* Database */ = {
			isa = PBXGroup;
			children = (
				DA800B051D4FD69C008C4904 /* Base */,
				DA800B071D4FD69C008C4904 /* Models */,
			);
			path = Database;
			sourceTree = "<group>";
		};
		DA800AF71D4FD5D9008C4904 /* Main */ = {
			isa = PBXGroup;
			children = (
				DA800AF81D4FD5D9008C4904 /* FMain.swift */,
				DA800AF91D4FD5D9008C4904 /* GoogleService-Info.plist */,
			);
			path = Main;
			sourceTree = "<group>";
		};
		DA800AFA1D4FD5D9008C4904 /* Storage */ = {
			isa = PBXGroup;
			children = (
				DA800AFB1D4FD5D9008C4904 /* FStorage.swift */,
				DA800AFC1D4FD5D9008C4904 /* FStorageNews.swift */,
				DA800AFD1D4FD5D9008C4904 /* FStorageNewsDelegate.swift */,
				DAA78FC81D57C45A007D86D9 /* FStoragePoem.swift */,
				DAA78FCA1D57C4BC007D86D9 /* FStoragePoemDelegate.swift */,
			);
			path = Storage;
			sourceTree = "<group>";
		};
		DA800B051D4FD69C008C4904 /* Base */ = {
			isa = PBXGroup;
			children = (
				DA800B061D4FD69C008C4904 /* FDatabase.swift */,
				DA800B0B1D4FDF80008C4904 /* FDatabaseModel.swift */,
			);
			path = Base;
			sourceTree = "<group>";
		};
		DA800B071D4FD69C008C4904 /* Models */ = {
			isa = PBXGroup;
			children = (
				DA800B091D4FD894008C4904 /* FDatabaseModelUser.swift */,
				DAB8CE0F1D54FFED00F273E1 /* FDatabaseModelPoem.swift */,
			);
			path = Models;
			sourceTree = "<group>";
		};
		DA800B0D1D4FED06008C4904 /* Access */ = {
			isa = PBXGroup;
			children = (
				DA800B0E1D4FED14008C4904 /* CAccessBanned.swift */,
			);
			path = Access;
			sourceTree = "<group>";
		};
		DA800B101D4FF0AF008C4904 /* Access */ = {
			isa = PBXGroup;
			children = (
				DA800B111D4FF0B9008C4904 /* VAccessBanned.swift */,
			);
			path = Access;
			sourceTree = "<group>";
		};
		DA800B131D4FF9C9008C4904 /* Main */ = {
			isa = PBXGroup;
			children = (
				DA800B281D502981008C4904 /* Nav */,
				DA800B291D502981008C4904 /* Transition */,
			);
			path = Main;
			sourceTree = "<group>";
		};
		DA800B281D502981008C4904 /* Nav */ = {
			isa = PBXGroup;
			children = (
				DA800B341D50298D008C4904 /* MMainNav.swift */,
				DA800B361D50299B008C4904 /* MMainNavItem.swift */,
				DA800B381D5029AD008C4904 /* MMainNavItemHome.swift */,
				DA800B3A1D5029B9008C4904 /* MMainNavItemProfile.swift */,
				DA800B3C1D5029C2008C4904 /* MMainNavItemCreate.swift */,
				DA800B3E1D5029CB008C4904 /* MMainNavItemLiked.swift */,
				DAF03C681D518AE000DA1B81 /* MMainNavItemNotifications.swift */,
				DA800B401D502B78008C4904 /* MMainNavItemState.swift */,
				DA800B421D502B92008C4904 /* MMainNavItemStateNone.swift */,
				DA800B461D502BAC008C4904 /* MMainNavItemStateActive.swift */,
			);
			path = Nav;
			sourceTree = "<group>";
		};
		DA800B291D502981008C4904 /* Transition */ = {
			isa = PBXGroup;
			children = (
				DA800B2A1D502981008C4904 /* MMainTransition.swift */,
				DA800B2B1D502981008C4904 /* MMainTransitionFade.swift */,
				DA800B2C1D502981008C4904 /* MMainTransitionReplace.swift */,
				DA800B2D1D502981008C4904 /* MMainTransitionScrollLeft.swift */,
				DA800B2E1D502981008C4904 /* MMainTransitionScrollRight.swift */,
			);
			path = Transition;
			sourceTree = "<group>";
		};
		DA8421351D4D9098003CDEA2 /* Home */ = {
			isa = PBXGroup;
			children = (
				DA8421361D4D90A2003CDEA2 /* VHome.swift */,
			);
			path = Home;
			sourceTree = "<group>";
		};
		DAA0551C1D53D9DD0070D0E0 /* Create */ = {
			isa = PBXGroup;
			children = (
				DAA0551D1D53D9E60070D0E0 /* CCreate.swift */,
			);
			path = Create;
			sourceTree = "<group>";
		};
		DAA0551F1D53DAB50070D0E0 /* Create */ = {
			isa = PBXGroup;
			children = (
				DAA055201D53DAC20070D0E0 /* VCreate.swift */,
				DAA0553D1D5407450070D0E0 /* VCreateHeader.swift */,
				DAA055221D53E1C60070D0E0 /* VCreateCell.swift */,
				DAA055241D53E73D0070D0E0 /* VCreateCellTitle.swift */,
				DAA055261D53E8620070D0E0 /* VCreateCellText.swift */,
				DAA0552A1D53E88B0070D0E0 /* VCreateCellPublish.swift */,
			);
			path = Create;
			sourceTree = "<group>";
		};
		DAA0552E1D53EB7C0070D0E0 /* Create */ = {
			isa = PBXGroup;
			children = (
				DAA0552F1D53EB890070D0E0 /* MCreate.swift */,
				DAA055311D53EBC90070D0E0 /* MCreateItem.swift */,
				DAA055331D53EBEC0070D0E0 /* MCreateItemTitle.swift */,
				DAA055351D53EBF50070D0E0 /* MCreateItemText.swift */,
				DAA0553B1D53FE490070D0E0 /* MCreateItemPublish.swift */,
			);
			path = Create;
			sourceTree = "<group>";
		};
		DAB21B931D5506CE001CD703 /* Onboarding */ = {
			isa = PBXGroup;
			children = (
				DAB21B941D5506D8001CD703 /* COnboarding.swift */,
				DAB21BA11D550887001CD703 /* COnboardingItem.swift */,
				DAB21BA31D5508AD001CD703 /* COnboardingItemHistory.swift */,
				DAB21BA51D5508B9001CD703 /* COnboardingItemApp.swift */,
				DAB21BA71D5508C0001CD703 /* COnboardingItemUser.swift */,
			);
			path = Onboarding;
			sourceTree = "<group>";
		};
		DAB21B961D55070F001CD703 /* Onboarding */ = {
			isa = PBXGroup;
			children = (
				DA381A291D554C9B00140F7E /* History */,
				DA381A2A1D554C9B00140F7E /* Main */,
			);
			path = Onboarding;
			sourceTree = "<group>";
		};
		DAB21BA91D552AEA001CD703 /* Onboarding */ = {
			isa = PBXGroup;
			children = (
				DA381A201D55497300140F7E /* App */,
				DA381A211D55497300140F7E /* History */,
				DA381A231D55497300140F7E /* User */,
			);
			path = Onboarding;
			sourceTree = "<group>";
		};
		DAD3521D1D4C656E00401230 /* Home */ = {
			isa = PBXGroup;
			children = (
				DAD3521E1D4C657600401230 /* CHome.swift */,
			);
			path = Home;
			sourceTree = "<group>";
		};
/* End PBXGroup section */

/* Begin PBXNativeTarget section */
		DA0EA1411D4BBE1600D300B2 /* infra */ = {
			isa = PBXNativeTarget;
			buildConfigurationList = DA0EA1621D4BBE1600D300B2 /* Build configuration list for PBXNativeTarget "infra" */;
			buildPhases = (
				45E971A4C5F3EB5D1EB97BA6 /* 📦 Check Pods Manifest.lock */,
				DA0EA13E1D4BBE1600D300B2 /* Sources */,
				DA0EA13F1D4BBE1600D300B2 /* Frameworks */,
				DA0EA1401D4BBE1600D300B2 /* Resources */,
				FA58EA108D08E2BDC2D0359C /* 📦 Embed Pods Frameworks */,
				50819FC5325DDD77CA4C5191 /* 📦 Copy Pods Resources */,
			);
			buildRules = (
			);
			dependencies = (
			);
			name = infra;
			productName = infra;
			productReference = DA0EA1421D4BBE1600D300B2 /* infra.app */;
			productType = "com.apple.product-type.application";
		};
		DA0EA1581D4BBE1600D300B2 /* tests */ = {
			isa = PBXNativeTarget;
			buildConfigurationList = DA0EA1651D4BBE1600D300B2 /* Build configuration list for PBXNativeTarget "tests" */;
			buildPhases = (
				DA0EA1551D4BBE1600D300B2 /* Sources */,
				DA0EA1561D4BBE1600D300B2 /* Frameworks */,
				DA0EA1571D4BBE1600D300B2 /* Resources */,
			);
			buildRules = (
			);
			dependencies = (
				DA0EA15B1D4BBE1600D300B2 /* PBXTargetDependency */,
			);
			name = tests;
			productName = infraTests;
			productReference = DA0EA1591D4BBE1600D300B2 /* tests.xctest */;
			productType = "com.apple.product-type.bundle.unit-test";
		};
/* End PBXNativeTarget section */

/* Begin PBXProject section */
		DA0EA13A1D4BBE1600D300B2 /* Project object */ = {
			isa = PBXProject;
			attributes = {
				LastSwiftUpdateCheck = 0730;
				LastUpgradeCheck = 0730;
				ORGANIZATIONNAME = iturbide;
				TargetAttributes = {
					DA0EA1411D4BBE1600D300B2 = {
						CreatedOnToolsVersion = 7.3.1;
						DevelopmentTeam = 7AMWG3RLHN;
					};
					DA0EA1581D4BBE1600D300B2 = {
						CreatedOnToolsVersion = 7.3.1;
						TestTargetID = DA0EA1411D4BBE1600D300B2;
					};
				};
			};
			buildConfigurationList = DA0EA13D1D4BBE1600D300B2 /* Build configuration list for PBXProject "infra" */;
			compatibilityVersion = "Xcode 3.2";
			developmentRegion = English;
			hasScannedForEncodings = 0;
			knownRegions = (
				en,
				Base,
			);
			mainGroup = DA0EA1391D4BBE1600D300B2;
			productRefGroup = DA0EA1431D4BBE1600D300B2 /* Products */;
			projectDirPath = "";
			projectRoot = "";
			targets = (
				DA0EA1411D4BBE1600D300B2 /* infra */,
				DA0EA1581D4BBE1600D300B2 /* tests */,
			);
		};
/* End PBXProject section */

/* Begin PBXResourcesBuildPhase section */
		DA0EA1401D4BBE1600D300B2 /* Resources */ = {
			isa = PBXResourcesBuildPhase;
			buildActionMask = 2147483647;
			files = (
				DA0EA24C1D4BD01100D300B2 /* Localizable.strings in Resources */,
				DA0EA2021D4BD01100D300B2 /* brand.xcassets in Resources */,
				DA800B011D4FD5D9008C4904 /* GoogleService-Info.plist in Resources */,
				DA0EA24B1D4BD01100D300B2 /* LaunchScreen.storyboard in Resources */,
				DA0EA2031D4BD01100D300B2 /* ui.xcassets in Resources */,
			);
			runOnlyForDeploymentPostprocessing = 0;
		};
		DA0EA1571D4BBE1600D300B2 /* Resources */ = {
			isa = PBXResourcesBuildPhase;
			buildActionMask = 2147483647;
			files = (
			);
			runOnlyForDeploymentPostprocessing = 0;
		};
/* End PBXResourcesBuildPhase section */

/* Begin PBXShellScriptBuildPhase section */
		45E971A4C5F3EB5D1EB97BA6 /* 📦 Check Pods Manifest.lock */ = {
			isa = PBXShellScriptBuildPhase;
			buildActionMask = 2147483647;
			files = (
			);
			inputPaths = (
			);
			name = "📦 Check Pods Manifest.lock";
			outputPaths = (
			);
			runOnlyForDeploymentPostprocessing = 0;
			shellPath = /bin/sh;
			shellScript = "diff \"${PODS_ROOT}/../Podfile.lock\" \"${PODS_ROOT}/Manifest.lock\" > /dev/null\nif [[ $? != 0 ]] ; then\n    cat << EOM\nerror: The sandbox is not in sync with the Podfile.lock. Run 'pod install' or update your CocoaPods installation.\nEOM\n    exit 1\nfi\n";
			showEnvVarsInLog = 0;
		};
		50819FC5325DDD77CA4C5191 /* 📦 Copy Pods Resources */ = {
			isa = PBXShellScriptBuildPhase;
			buildActionMask = 2147483647;
			files = (
			);
			inputPaths = (
			);
			name = "📦 Copy Pods Resources";
			outputPaths = (
			);
			runOnlyForDeploymentPostprocessing = 0;
			shellPath = /bin/sh;
			shellScript = "\"${SRCROOT}/Pods/Target Support Files/Pods-infra/Pods-infra-resources.sh\"\n";
			showEnvVarsInLog = 0;
		};
		FA58EA108D08E2BDC2D0359C /* 📦 Embed Pods Frameworks */ = {
			isa = PBXShellScriptBuildPhase;
			buildActionMask = 2147483647;
			files = (
			);
			inputPaths = (
			);
			name = "📦 Embed Pods Frameworks";
			outputPaths = (
			);
			runOnlyForDeploymentPostprocessing = 0;
			shellPath = /bin/sh;
			shellScript = "\"${SRCROOT}/Pods/Target Support Files/Pods-infra/Pods-infra-frameworks.sh\"\n";
			showEnvVarsInLog = 0;
		};
/* End PBXShellScriptBuildPhase section */

/* Begin PBXSourcesBuildPhase section */
		DA0EA13E1D4BBE1600D300B2 /* Sources */ = {
			isa = PBXSourcesBuildPhase;
			buildActionMask = 2147483647;
			files = (
				DA800B411D502B78008C4904 /* MMainNavItemState.swift in Sources */,
				DAA055321D53EBC90070D0E0 /* MCreateItem.swift in Sources */,
				DA800B081D4FD69C008C4904 /* FDatabase.swift in Sources */,
				DA0EA2061D4BD01100D300B2 /* CategoryNSManagerdObject.swift in Sources */,
				DAB21BA81D5508C0001CD703 /* COnboardingItemUser.swift in Sources */,
				DA800B251D5015BD008C4904 /* VMainBarButtonProfile.swift in Sources */,
				DA0EA2891D4BD81100D300B2 /* VMainBar.swift in Sources */,
				DA0EA2091D4BD01100D300B2 /* CategoryUIColor.swift in Sources */,
				DA800B471D502BAC008C4904 /* MMainNavItemStateActive.swift in Sources */,
				DA381A241D55497300140F7E /* VOnboardingItemHistory.swift in Sources */,
				DAB21BA41D5508AD001CD703 /* COnboardingItemHistory.swift in Sources */,
				DA0EA2841D4BD81100D300B2 /* CLanding.swift in Sources */,
				DA800ACD1D4FC3F1008C4904 /* DInfraUser.swift in Sources */,
				DAA0553E1D5407450070D0E0 /* VCreateHeader.swift in Sources */,
				DA800B431D502B92008C4904 /* MMainNavItemStateNone.swift in Sources */,
				DA0EA2881D4BD81100D300B2 /* VLanding.swift in Sources */,
				DA381A331D554C9B00140F7E /* MOnboardingItemHistory.swift in Sources */,
				DAB21BA21D550887001CD703 /* COnboardingItem.swift in Sources */,
				DAA055301D53EB890070D0E0 /* MCreate.swift in Sources */,
				DA381A281D554A6300140F7E /* VOnboardingItemHistoryDescr.swift in Sources */,
				DA381A311D554C9B00140F7E /* MOnboardingItem.swift in Sources */,
				DAA78FCB1D57C4BC007D86D9 /* FStoragePoemDelegate.swift in Sources */,
				DA800B231D5015A4008C4904 /* VMainBarButtonLiked.swift in Sources */,
				DA8421371D4D90A2003CDEA2 /* VHome.swift in Sources */,
				DA381A3A1D554CFE00140F7E /* MOnboardingItemHistoryModelItem.swift in Sources */,
				DA0EA2071D4BD01100D300B2 /* CategoryNSNotification.swift in Sources */,
				DA0EA2851D4BD81100D300B2 /* CMain.swift in Sources */,
				DA800B2F1D502981008C4904 /* MMainTransition.swift in Sources */,
				DA800B0F1D4FED14008C4904 /* CAccessBanned.swift in Sources */,
				DA0EA20A1D4BD01100D300B2 /* CategoryUIFont.swift in Sources */,
				DAA0551E1D53D9E60070D0E0 /* CCreate.swift in Sources */,
				DA0EA21E1D4BD01100D300B2 /* DManagerSaver.swift in Sources */,
				DAB21BA61D5508B9001CD703 /* COnboardingItemApp.swift in Sources */,
				DA800B021D4FD5D9008C4904 /* FStorage.swift in Sources */,
				DA800B331D502981008C4904 /* MMainTransitionScrollRight.swift in Sources */,
				DAA055271D53E8620070D0E0 /* VCreateCellText.swift in Sources */,
				DA381A381D554CE000140F7E /* MOnboardingItemHistoryModel.swift in Sources */,
				DA0EA2871D4BD81100D300B2 /* CMainParent.swift in Sources */,
				DA381A261D554A5300140F7E /* VOnboardingItemHistoryImage.swift in Sources */,
				DA0EA20C1D4BD01100D300B2 /* CategoryUIViewController.swift in Sources */,
				DA800B3B1D5029B9008C4904 /* MMainNavItemProfile.swift in Sources */,
				DA800B211D501585008C4904 /* VMainBarButtonCreate.swift in Sources */,
				DA0EA21D1D4BD01100D300B2 /* DManagerModelInfra.swift in Sources */,
				DAD3521F1D4C657600401230 /* CHome.swift in Sources */,
				DAA055251D53E73D0070D0E0 /* VCreateCellTitle.swift in Sources */,
				DA381A3E1D554D1A00140F7E /* MOnboardingItemHistoryModelItemDescr.swift in Sources */,
				DA0EA2081D4BD01100D300B2 /* CategoryUICollectionReusableView.swift in Sources */,
				DA800B001D4FD5D9008C4904 /* FMain.swift in Sources */,
				DA381A301D554C9B00140F7E /* MOnboarding.swift in Sources */,
				DAA055361D53EBF50070D0E0 /* MCreateItemText.swift in Sources */,
				DAB8CE0E1D54D7A800F273E1 /* VMainAlert.swift in Sources */,
				DA800B3D1D5029C2008C4904 /* MMainNavItemCreate.swift in Sources */,
				DA0EA28C1D4BD81100D300B2 /* VMainLoader.swift in Sources */,
				DA0EA2051D4BD01100D300B2 /* CategoryNSFileManager.swift in Sources */,
				DA800B271D50261D008C4904 /* VMainBarCell.swift in Sources */,
				DA381A3C1D554D0B00140F7E /* MOnboardingItemHistoryModelItemImage.swift in Sources */,
				DAB8CE141D5503A500F273E1 /* DInfraPoem+CoreDataProperties.swift in Sources */,
				DAF32B0E1D5586BC00704E75 /* VOnboardingItemApp.swift in Sources */,
				DAA78FC91D57C45A007D86D9 /* FStoragePoem.swift in Sources */,
				DA381A321D554C9B00140F7E /* MOnboardingItemApp.swift in Sources */,
				DAF32B101D55962900704E75 /* VOnboardingItemUser.swift in Sources */,
				DAF03C691D518AE000DA1B81 /* MMainNavItemNotifications.swift in Sources */,
				DA0EA21B1D4BD01100D300B2 /* DManager.swift in Sources */,
				DA0EA21C1D4BD01100D300B2 /* DManagerModel.swift in Sources */,
				DA800B3F1D5029CB008C4904 /* MMainNavItemLiked.swift in Sources */,
				DA800B371D50299B008C4904 /* MMainNavItem.swift in Sources */,
				DAA0553C1D53FE490070D0E0 /* MCreateItemPublish.swift in Sources */,
				DA0EA21F1D4BD01100D300B2 /* DInfraModel.xcdatamodeld in Sources */,
				DAA0552B1D53E88B0070D0E0 /* VCreateCellPublish.swift in Sources */,
				DA800ACE1D4FC3F1008C4904 /* DInfraUser+CoreDataProperties.swift in Sources */,
				DA800B311D502981008C4904 /* MMainTransitionReplace.swift in Sources */,
				DA0EA28A1D4BD81100D300B2 /* VMainBarButton.swift in Sources */,
				DA0EA2861D4BD81100D300B2 /* CMainController.swift in Sources */,
				DA0EA20B1D4BD01100D300B2 /* CategoryUILocalNotification.swift in Sources */,
				DAB21B951D5506D8001CD703 /* COnboarding.swift in Sources */,
				DAA055231D53E1C60070D0E0 /* VCreateCell.swift in Sources */,
				DA800B321D502981008C4904 /* MMainTransitionScrollLeft.swift in Sources */,
				DA0C453C1D4C017C003AF335 /* MConfiguration.swift in Sources */,
				DAB8CE131D5503A500F273E1 /* DInfraPoem.swift in Sources */,
				DA800B041D4FD5D9008C4904 /* FStorageNewsDelegate.swift in Sources */,
				DA800B0C1D4FDF80008C4904 /* FDatabaseModel.swift in Sources */,
				DAB8CE101D54FFED00F273E1 /* FDatabaseModelPoem.swift in Sources */,
				DA800B0A1D4FD894008C4904 /* FDatabaseModelUser.swift in Sources */,
				DA800B031D4FD5D9008C4904 /* FStorageNews.swift in Sources */,
				DAA055211D53DAC20070D0E0 /* VCreate.swift in Sources */,
				DA381A341D554C9B00140F7E /* MOnboardingItemUser.swift in Sources */,
				DA800B351D50298D008C4904 /* MMainNav.swift in Sources */,
				DAA055341D53EBEC0070D0E0 /* MCreateItemTitle.swift in Sources */,
				DA800B121D4FF0B9008C4904 /* VAccessBanned.swift in Sources */,
				DA800B301D502981008C4904 /* MMainTransitionFade.swift in Sources */,
				DA800B1F1D5014A4008C4904 /* VMainBarButtonHome.swift in Sources */,
				DA0EA2041D4BD01100D300B2 /* CategoryNSDate.swift in Sources */,
				DA800AD01D4FC8E0008C4904 /* MConfigurationFont.swift in Sources */,
				DA800AFE1D4FD5D9008C4904 /* FAnalytics.swift in Sources */,
				DA800B391D5029AD008C4904 /* MMainNavItemHome.swift in Sources */,
			);
			runOnlyForDeploymentPostprocessing = 0;
		};
		DA0EA1551D4BBE1600D300B2 /* Sources */ = {
			isa = PBXSourcesBuildPhase;
			buildActionMask = 2147483647;
			files = (
				DAC549D51D4BF25D00740899 /* infraTests.swift in Sources */,
			);
			runOnlyForDeploymentPostprocessing = 0;
		};
/* End PBXSourcesBuildPhase section */

/* Begin PBXTargetDependency section */
		DA0EA15B1D4BBE1600D300B2 /* PBXTargetDependency */ = {
			isa = PBXTargetDependency;
			target = DA0EA1411D4BBE1600D300B2 /* infra */;
			targetProxy = DA0EA15A1D4BBE1600D300B2 /* PBXContainerItemProxy */;
		};
/* End PBXTargetDependency section */

/* Begin PBXVariantGroup section */
		DA0EA1CD1D4BD01100D300B2 /* LaunchScreen.storyboard */ = {
			isa = PBXVariantGroup;
			children = (
				DA0EA1CE1D4BD01100D300B2 /* en */,
			);
			name = LaunchScreen.storyboard;
			sourceTree = "<group>";
		};
		DA0EA1CF1D4BD01100D300B2 /* Localizable.strings */ = {
			isa = PBXVariantGroup;
			children = (
				DA0EA1D01D4BD01100D300B2 /* en */,
			);
			name = Localizable.strings;
			sourceTree = "<group>";
		};
/* End PBXVariantGroup section */

/* Begin XCBuildConfiguration section */
		DA0EA1601D4BBE1600D300B2 /* Debug */ = {
			isa = XCBuildConfiguration;
			buildSettings = {
				ALWAYS_SEARCH_USER_PATHS = NO;
				CLANG_ANALYZER_NONNULL = YES;
				CLANG_CXX_LANGUAGE_STANDARD = "gnu++0x";
				CLANG_CXX_LIBRARY = "libc++";
				CLANG_ENABLE_MODULES = YES;
				CLANG_ENABLE_OBJC_ARC = YES;
				CLANG_WARN_BOOL_CONVERSION = YES;
				CLANG_WARN_CONSTANT_CONVERSION = YES;
				CLANG_WARN_DIRECT_OBJC_ISA_USAGE = YES_ERROR;
				CLANG_WARN_EMPTY_BODY = YES;
				CLANG_WARN_ENUM_CONVERSION = YES;
				CLANG_WARN_INT_CONVERSION = YES;
				CLANG_WARN_OBJC_ROOT_CLASS = YES_ERROR;
				CLANG_WARN_UNREACHABLE_CODE = YES;
				CLANG_WARN__DUPLICATE_METHOD_MATCH = YES;
				"CODE_SIGN_IDENTITY[sdk=iphoneos*]" = "iPhone Developer";
				COPY_PHASE_STRIP = NO;
				DEBUG_INFORMATION_FORMAT = dwarf;
				ENABLE_STRICT_OBJC_MSGSEND = YES;
				ENABLE_TESTABILITY = YES;
				GCC_C_LANGUAGE_STANDARD = gnu99;
				GCC_DYNAMIC_NO_PIC = NO;
				GCC_NO_COMMON_BLOCKS = YES;
				GCC_OPTIMIZATION_LEVEL = 0;
				GCC_PREPROCESSOR_DEFINITIONS = (
					"DEBUG=1",
					"$(inherited)",
				);
				GCC_WARN_64_TO_32_BIT_CONVERSION = YES;
				GCC_WARN_ABOUT_RETURN_TYPE = YES_ERROR;
				GCC_WARN_UNDECLARED_SELECTOR = YES;
				GCC_WARN_UNINITIALIZED_AUTOS = YES_AGGRESSIVE;
				GCC_WARN_UNUSED_FUNCTION = YES;
				GCC_WARN_UNUSED_VARIABLE = YES;
				IPHONEOS_DEPLOYMENT_TARGET = 9;
				MTL_ENABLE_DEBUG_INFO = YES;
				ONLY_ACTIVE_ARCH = YES;
				SDKROOT = iphoneos;
				SWIFT_OPTIMIZATION_LEVEL = "-Onone";
				TARGETED_DEVICE_FAMILY = "1,2";
			};
			name = Debug;
		};
		DA0EA1611D4BBE1600D300B2 /* Release */ = {
			isa = XCBuildConfiguration;
			buildSettings = {
				ALWAYS_SEARCH_USER_PATHS = NO;
				CLANG_ANALYZER_NONNULL = YES;
				CLANG_CXX_LANGUAGE_STANDARD = "gnu++0x";
				CLANG_CXX_LIBRARY = "libc++";
				CLANG_ENABLE_MODULES = YES;
				CLANG_ENABLE_OBJC_ARC = YES;
				CLANG_WARN_BOOL_CONVERSION = YES;
				CLANG_WARN_CONSTANT_CONVERSION = YES;
				CLANG_WARN_DIRECT_OBJC_ISA_USAGE = YES_ERROR;
				CLANG_WARN_EMPTY_BODY = YES;
				CLANG_WARN_ENUM_CONVERSION = YES;
				CLANG_WARN_INT_CONVERSION = YES;
				CLANG_WARN_OBJC_ROOT_CLASS = YES_ERROR;
				CLANG_WARN_UNREACHABLE_CODE = YES;
				CLANG_WARN__DUPLICATE_METHOD_MATCH = YES;
				"CODE_SIGN_IDENTITY[sdk=iphoneos*]" = "iPhone Developer";
				COPY_PHASE_STRIP = NO;
				DEBUG_INFORMATION_FORMAT = "dwarf-with-dsym";
				ENABLE_NS_ASSERTIONS = NO;
				ENABLE_STRICT_OBJC_MSGSEND = YES;
				GCC_C_LANGUAGE_STANDARD = gnu99;
				GCC_NO_COMMON_BLOCKS = YES;
				GCC_WARN_64_TO_32_BIT_CONVERSION = YES;
				GCC_WARN_ABOUT_RETURN_TYPE = YES_ERROR;
				GCC_WARN_UNDECLARED_SELECTOR = YES;
				GCC_WARN_UNINITIALIZED_AUTOS = YES_AGGRESSIVE;
				GCC_WARN_UNUSED_FUNCTION = YES;
				GCC_WARN_UNUSED_VARIABLE = YES;
				IPHONEOS_DEPLOYMENT_TARGET = 9;
				MTL_ENABLE_DEBUG_INFO = NO;
				SDKROOT = iphoneos;
				TARGETED_DEVICE_FAMILY = "1,2";
				VALIDATE_PRODUCT = YES;
			};
			name = Release;
		};
		DA0EA1631D4BBE1600D300B2 /* Debug */ = {
			isa = XCBuildConfiguration;
			baseConfigurationReference = 62166C2939D3FF8FFD975C0C /* Pods-infra.debug.xcconfig */;
			buildSettings = {
				ASSETCATALOG_COMPILER_APPICON_NAME = AppIcon;
				CODE_SIGN_IDENTITY = "iPhone Developer";
				INFOPLIST_FILE = infra/Info.plist;
				LD_RUNPATH_SEARCH_PATHS = "$(inherited) @executable_path/Frameworks";
				PRODUCT_BUNDLE_IDENTIFIER = iturbide.infra;
				PRODUCT_NAME = "$(TARGET_NAME)";
				PROVISIONING_PROFILE = "f3d3017c-d0dd-4d9b-a098-38a72914460c";
				TARGETED_DEVICE_FAMILY = "1,2";
			};
			name = Debug;
		};
		DA0EA1641D4BBE1600D300B2 /* Release */ = {
			isa = XCBuildConfiguration;
			baseConfigurationReference = 670AE32D30D68DAE74EFD8D0 /* Pods-infra.release.xcconfig */;
			buildSettings = {
				ASSETCATALOG_COMPILER_APPICON_NAME = AppIcon;
				CODE_SIGN_IDENTITY = "iPhone Developer";
				INFOPLIST_FILE = infra/Info.plist;
				LD_RUNPATH_SEARCH_PATHS = "$(inherited) @executable_path/Frameworks";
				PRODUCT_BUNDLE_IDENTIFIER = iturbide.infra;
				PRODUCT_NAME = "$(TARGET_NAME)";
				PROVISIONING_PROFILE = "2461959b-b340-400c-941f-0beb1af13f63";
				TARGETED_DEVICE_FAMILY = "1,2";
			};
			name = Release;
		};
		DA0EA1661D4BBE1600D300B2 /* Debug */ = {
			isa = XCBuildConfiguration;
			buildSettings = {
				BUNDLE_LOADER = "$(TEST_HOST)";
				INFOPLIST_FILE = Infra/Test/Info.plist;
				LD_RUNPATH_SEARCH_PATHS = "$(inherited) @executable_path/Frameworks @loader_path/Frameworks";
				PRODUCT_BUNDLE_IDENTIFIER = iturbide.infraTests;
				PRODUCT_NAME = "$(TARGET_NAME)";
				TEST_HOST = "$(BUILT_PRODUCTS_DIR)/infra.app/infra";
			};
			name = Debug;
		};
		DA0EA1671D4BBE1600D300B2 /* Release */ = {
			isa = XCBuildConfiguration;
			buildSettings = {
				BUNDLE_LOADER = "$(TEST_HOST)";
				INFOPLIST_FILE = Infra/Test/Info.plist;
				LD_RUNPATH_SEARCH_PATHS = "$(inherited) @executable_path/Frameworks @loader_path/Frameworks";
				PRODUCT_BUNDLE_IDENTIFIER = iturbide.infraTests;
				PRODUCT_NAME = "$(TARGET_NAME)";
				TEST_HOST = "$(BUILT_PRODUCTS_DIR)/infra.app/infra";
			};
			name = Release;
		};
/* End XCBuildConfiguration section */

/* Begin XCConfigurationList section */
		DA0EA13D1D4BBE1600D300B2 /* Build configuration list for PBXProject "infra" */ = {
			isa = XCConfigurationList;
			buildConfigurations = (
				DA0EA1601D4BBE1600D300B2 /* Debug */,
				DA0EA1611D4BBE1600D300B2 /* Release */,
			);
			defaultConfigurationIsVisible = 0;
			defaultConfigurationName = Release;
		};
		DA0EA1621D4BBE1600D300B2 /* Build configuration list for PBXNativeTarget "infra" */ = {
			isa = XCConfigurationList;
			buildConfigurations = (
				DA0EA1631D4BBE1600D300B2 /* Debug */,
				DA0EA1641D4BBE1600D300B2 /* Release */,
			);
			defaultConfigurationIsVisible = 0;
			defaultConfigurationName = Release;
		};
		DA0EA1651D4BBE1600D300B2 /* Build configuration list for PBXNativeTarget "tests" */ = {
			isa = XCConfigurationList;
			buildConfigurations = (
				DA0EA1661D4BBE1600D300B2 /* Debug */,
				DA0EA1671D4BBE1600D300B2 /* Release */,
			);
			defaultConfigurationIsVisible = 0;
			defaultConfigurationName = Release;
		};
/* End XCConfigurationList section */

/* Begin XCVersionGroup section */
		DA0EA1921D4BD01100D300B2 /* DInfraModel.xcdatamodeld */ = {
			isa = XCVersionGroup;
			children = (
				DA0EA1931D4BD01100D300B2 /* infra.xcdatamodel */,
			);
			currentVersion = DA0EA1931D4BD01100D300B2 /* infra.xcdatamodel */;
			path = DInfraModel.xcdatamodeld;
			sourceTree = "<group>";
			versionGroupType = wrapper.xcdatamodel;
		};
/* End XCVersionGroup section */
	};
	rootObject = DA0EA13A1D4BBE1600D300B2 /* Project object */;
}
